# SPDX-FileCopyrightText:  PyPSA-Earth and PyPSA-Eur Authors
#
# SPDX-License-Identifier: CC0-1.0

### CHANGES TO CONFIG.TUTORIAL.YAML ###
version: 0.6.0

countries: ["BW"]

subregion:
  define_by_gadm:
    Central: [BW.3]

electricity:
  renewable_carriers: [solar, csp, onwind, hydro]

build_osm_network:
  force_ac: true  # When true, it forces all components (lines and substation) to be AC-only
