# SPDX-FileCopyrightText: : 2021-2022 The PyPSA-Earth Authors
#
# SPDX-License-Identifier: CC0-1.0

### CHANGES TO CONFIG.TUTORIAL.YAML ###
countries: ["BW"]

renewable:
  onwind:
    cutout: africa-2013-era5-tutorial
    resource:
      method: wind
      turbine: Vestas_V112_3MW
    capacity_per_sqkm: 3 # ScholzPhd Tab 4.3.1: 10MW/km^2
    # correction_factor: 0.93
    copernicus:
      # Scholz, Y. (2012). Renewable energy based electricity supply at low costs:
      #  development of the REMix model and application for Europe. ( p.42 / p.28)
      grid_codes: [20, 30, 40, 60, 100, 111, 112, 113, 114, 115, 116, 121, 122, 123, 124, 125, 126]
      distance: 1000
      distance_grid_codes: [50]
    natura: true
    potential: simple # or conservative
    clip_p_max_pu: 1.e-2
    extendable: true
  solar:
    cutout: africa-2013-era5-tutorial
    resource:
      method: pv
      panel: CSi
      orientation: latitude_optimal # will lead into optimal design
        # slope: 0.  # slope: 0 represent a flat panel
        # azimuth: 180.  # azimuth: 180 south orientation
    capacity_per_sqkm: 4.6 # From 1.7 to 4.6 addresses issue #361
    # Determined by comparing uncorrected area-weighted full-load hours to those
    # published in Supplementary Data to
    # Pietzcker, Robert Carl, et al. "Using the sun to decarbonize the power
    # sector: The economic potential of photovoltaics and concentrating solar
    # power." Applied Energy 135 (2014): 704-720.
    correction_factor: 0.854337
    copernicus:
      grid_codes: [20, 30, 40, 50, 60, 90, 100]
    natura: true
    potential: simple # or conservative
    clip_p_max_pu: 1.e-2
    extendable: true
  hydro:
    cutout: africa-2013-era5-tutorial
    resource:
      method: hydro
      hydrobasins: data/hydrobasins/hybas_world_lev04_v1c.shp
      flowspeed: 1.0  # m/s
      # weight_with_height: false
      # show_progress: true
      normalization: hydro_capacities # 'hydro_capacities' to normalize country production by using hydro_capacities, 'eia' to normalize by eia data, false for no normalization
    carriers: [ror, PHS, hydro]
    PHS_max_hours: 6
    hydro_max_hours: "energy_capacity_totals_by_country" # one of energy_capacity_totals_by_country, estimate_by_large_installations or a float
    clip_min_inflow: 1.0
    normalization_multiplier: 1.1  # multiplier applied after the normalization of the hydro production
