# SPDX-FileCopyrightText: PyPSA-Earth and PyPSA-Eur Authors
#
# SPDX-License-Identifier: CC0-1.0

# Generated by conda-lock.
# platform: linux-64
# input_hash: 1ca66ed49f7a008045ab9d8c8389a4f2d46e2c6a0a6f70d23d7ab1cc661808e0
name: pypsa-earth

channels:
  - conda-forge
  - bioconda
  - gurobi
dependencies:
  - _openmp_mutex=4.5=20_gnu
  - _python_abi3_support=1.0=hd8ed1ab_2
  - adwaita-icon-theme=49.0=unix_0
  - affine=2.4.0=pyhd8ed1ab_1
  - aiohappyeyeballs=2.6.1=pyhd8ed1ab_0
  - aiohttp=3.13.3=py311h55b9665_0
  - aiosignal=1.4.0=pyhd8ed1ab_0
  - alsa-lib=1.2.15.3=hb03c661_0
  - ampl-asl=1.0.0=h5888daf_2
  - amply=0.1.6=pyhd8ed1ab_1
  - anyio=4.12.1=pyhcf101f3_0
  - appdirs=1.4.4=pyhd8ed1ab_1
  - argon2-cffi=25.1.0=pyhd8ed1ab_0
  - argon2-cffi-bindings=25.1.0=py311h49ec1c0_2
  - argparse-dataclass=2.0.0=pyhd8ed1ab_1
  - arrow=1.4.0=pyhcf101f3_0
  - asttokens=3.0.1=pyhd8ed1ab_0
  - async-lru=2.2.0=pyhcf101f3_0
  - at-spi2-atk=2.38.0=h0630a04_3
  - at-spi2-core=2.40.3=h0630a04_0
  - atk-1.0=2.38.0=h04ea711_2
  - atlite=0.4.1=pyhd8ed1ab_1
  - attr=2.5.2=h39aace5_0
  - attrs=25.4.0=pyhcf101f3_1
  - aws-c-auth=0.9.6=hb9c0fe4_1
  - aws-c-cal=0.9.13=h2c9d079_1
  - aws-c-common=0.12.6=hb03c661_0
  - aws-c-compression=0.3.2=h8b1a151_0
  - aws-c-event-stream=0.5.9=h841be55_2
  - aws-c-http=0.10.10=hf621c6d_0
  - aws-c-io=0.26.1=h3ca20c3_1
  - aws-c-mqtt=0.14.0=ha25ca29_1
  - aws-c-s3=0.11.5=h9b5df67_3
  - aws-c-sdkutils=0.2.4=h8b1a151_4
  - aws-checksums=0.2.10=h8b1a151_0
  - aws-crt-cpp=0.37.3=hb153662_0
  - aws-sdk-cpp=1.11.747=h133b1ee_1
  - azure-core-cpp=1.16.2=h206d751_0
  - azure-identity-cpp=1.13.3=hed0cdb0_1
  - azure-storage-blobs-cpp=12.16.0=hdd73cc9_1
  - azure-storage-common-cpp=12.12.0=ha7a2c86_1
  - azure-storage-files-datalake-cpp=12.14.0=h52c5a47_1
  - babel=2.18.0=pyhcf101f3_0
  - backports.zstd=1.3.0=py311h6b1f9c4_0
  - beautifulsoup4=4.14.3=pyha770c72_0
  - bleach=6.3.0=pyhcf101f3_1
  - bleach-with-css=6.3.0=hbca2aae_1
  - blosc=1.21.6=he440d0b_1
  - bokeh=3.8.2=pyhd8ed1ab_0
  - bottleneck=1.6.0=np2py311h50facf7_3
  - branca=0.8.2=pyhd8ed1ab_0
  - brotli=1.2.0=hed03a55_1
  - brotli-bin=1.2.0=hb03c661_1
  - brotli-python=1.2.0=py311h66f275b_1
  - brotlicffi=1.2.0.0=py311h1ddb823_0
  - bzip2=1.0.8=hda65f42_9
  - c-ares=1.34.6=hb03c661_0
  - c-blosc2=2.23.0=hc31b594_0
  - ca-certificates=2026.2.25=hbd8a1cb_0
  - cached-property=1.5.2=hd8ed1ab_1
  - cached_property=1.5.2=pyha770c72_1
  - cairo=1.18.4=he90730b_1
  - cartopy=0.25.0=py311hed34c8f_1
  - cdsapi=0.7.7=pyhd8ed1ab_0
  - certifi=2026.2.25=pyhd8ed1ab_0
  - cffi=2.0.0=py311h03d9500_1
  - cfgrib=0.9.15.1=pyhd8ed1ab_0
  - cfgv=3.5.0=pyhd8ed1ab_0
  - cftime=1.6.5=py311h0372a8f_1
  - chaospy=4.3.20=pyhd8ed1ab_0
  - charset-normalizer=3.4.4=pyhd8ed1ab_0
  - click=8.3.1=pyh8f84b5b_1
  - click-plugins=1.1.1.2=pyhd8ed1ab_0
  - cligj=0.7.2=pyhd8ed1ab_2
  - cloudpickle=3.1.2=pyhcf101f3_1
  - coin-or-cbc=2.10.12=h4d16d09_5
  - coin-or-cgl=0.60.9=hc46dffc_7
  - coin-or-clp=1.17.10=hc03379b_4
  - coin-or-osi=0.108.11=hf4fecb4_8
  - coin-or-utils=2.11.12=hc93afbd_7
  - coincbc=2.10.12=5_metapackage
  - colorama=0.4.6=pyhd8ed1ab_1
  - colorcet=3.1.0=pyhd8ed1ab_1
  - comm=0.2.3=pyhe01879c_0
  - configargparse=1.7.1=pyhe01879c_0
  - connection_pool=0.0.3=pyhd3deb0d_0
  - contextily=1.7.0=pyhd8ed1ab_0
  - contourpy=1.3.3=py311h724c32c_4
  - country_converter=1.3.2=pyhd8ed1ab_0
  - cpython=3.11.14=py311hd8ed1ab_3
  - cryptography=46.0.5=py311h2005dd1_0
  - cycler=0.12.1=pyhcf101f3_2
  - cyrus-sasl=2.1.28=hd9c7081_0
  - cytoolz=1.1.0=py311h49ec1c0_2
  - dask=2026.1.2=pyhcf101f3_1
  - dask-core=2026.1.2=pyhcf101f3_0
  - datashader=0.18.2=pyhd8ed1ab_0
  - datrie=0.8.3=py311h49ec1c0_0
  - dbus=1.16.2=h24cb091_1
  - debugpy=1.8.20=py311hc665b79_0
  - decorator=5.2.1=pyhd8ed1ab_0
  - defusedxml=0.7.1=pyhd8ed1ab_0
  - deprecation=2.1.0=pyh9f0ad1d_0
  - distlib=0.4.0=pyhd8ed1ab_0
  - distributed=2026.1.2=pyhcf101f3_1
  - docutils=0.22.4=pyhd8ed1ab_0
  - double-conversion=3.4.0=hecca717_0
  - dpath=2.2.0=pyha770c72_1
  - earth-osm=3.0.2=pyhd8ed1ab_0
  - eccodes=2.45.0=h83bc92c_0
  - ecmwf-datastores-client=0.4.2=pyhd8ed1ab_0
  - entsoe-py=0.7.10=pyhd8ed1ab_0
  - epoxy=1.5.10=hb03c661_2
  - et_xmlfile=2.0.0=pyhd8ed1ab_1
  - exceptiongroup=1.3.1=pyhd8ed1ab_0
  - executing=2.2.1=pyhd8ed1ab_0
  - fake-useragent=2.2.0=py311h38be061_1
  - filelock=3.24.3=pyhd8ed1ab_0
  - findlibs=0.1.2=pyhd8ed1ab_0
  - fiona=1.10.1=py311h422ce6a_6
  - folium=0.20.0=pyhd8ed1ab_0
  - font-ttf-dejavu-sans-mono=2.37=hab24e00_0
  - font-ttf-inconsolata=3.000=h77eed37_0
  - font-ttf-source-code-pro=2.038=h77eed37_0
  - font-ttf-ubuntu=0.83=h77eed37_3
  - fontconfig=2.17.1=h27c8c51_0
  - fonts-conda-ecosystem=1=0
  - fonts-conda-forge=1=hc364b38_1
  - fonttools=4.61.1=py311h3778330_0
  - fqdn=1.5.1=pyhd8ed1ab_1
  - freeglut=3.2.2=ha6d2627_3
  - freetype=2.14.1=ha770c72_0
  - freexl=2.0.0=h9dce30a_2
  - fribidi=1.0.16=hb03c661_0
  - frozenlist=1.7.0=py311h52bc045_0
  - fsspec=2026.2.0=pyhd8ed1ab_0
  - future=1.0.0=pyhd8ed1ab_2
  - gdk-pixbuf=2.44.5=h2b0a6b4_1
  - geographiclib=2.1=pyhd8ed1ab_0
  - geopandas=1.1.2=pyhd8ed1ab_0
  - geopandas-base=1.1.2=pyha770c72_0
  - geopy=2.4.1=pyhd8ed1ab_2
  - geos=3.14.1=h480dda7_0
  - geoviews=1.15.1=pyhd8ed1ab_0
  - geoviews-core=1.15.1=pyha770c72_0
  - gflags=2.2.2=h5888daf_1005
  - giflib=5.2.2=hd590300_0
  - gitdb=4.0.12=pyhd8ed1ab_0
  - gitpython=3.1.46=pyhd8ed1ab_0
  - glib-tools=2.86.4=hf516916_1
  - glog=0.7.1=hbabe93e_0
  - glpk=5.0=h445213a_0
  - gmp=6.3.0=hac33072_2
  - google-api-core=2.30.0=pyhcf101f3_0
  - google-auth=2.48.0=pyhcf101f3_0
  - google-cloud-core=2.5.0=pyhcf101f3_1
  - google-cloud-storage=3.9.0=pyhcf101f3_0
  - google-crc32c=1.8.0=py311h2702b87_1
  - google-resumable-media=2.8.0=pyhd8ed1ab_0
  - googleapis-common-protos=1.72.0=pyhd8ed1ab_0
  - graphite2=1.3.14=hecca717_2
  - graphviz=14.1.2=h8b86629_0
  - grpcio=1.78.0=py311h3aa0767_1
  - grpcio-status=1.78.0=pyhd8ed1ab_0
  - gtk3=3.24.43=ha5ea40c_7
  - gts=0.7.6=h977cf35_4
  - gurobi=13.0.1=py311_0
  - h11=0.16.0=pyhcf101f3_1
  - h2=4.3.0=pyhcf101f3_0
  - h5netcdf=1.8.1=pyhd8ed1ab_0
  - h5py=3.15.1=nompi_py311h0b2f468_101
  - harfbuzz=12.3.2=h6083320_0
  - hdf4=4.2.15=h2a13503_7
  - hdf5=1.14.6=nompi_h19486de_106
  - hicolor-icon-theme=0.17=ha770c72_3
  - highspy=1.13.1=np2py311h912ec1f_0
  - holoviews=1.22.1=pyhd8ed1ab_0
  - hpack=4.1.0=pyhd8ed1ab_0
  - httpcore=1.0.9=pyh29332c3_0
  - httpx=0.28.1=pyhd8ed1ab_0
  - humanfriendly=10.0=pyh707e725_8
  - hvplot=0.12.2=pyhd8ed1ab_0
  - hyperframe=6.1.0=pyhd8ed1ab_0
  - icu=78.2=h33c6efd_0
  - identify=2.6.16=pyhd8ed1ab_0
  - idna=3.11=pyhd8ed1ab_0
  - importlib-metadata=8.7.0=pyhe01879c_1
  - importlib_metadata=8.7.0=h40b2b14_1
  - inflate64=1.0.4=py311h49ec1c0_0
  - iniconfig=2.3.0=pyhd8ed1ab_0
  - ipopt=3.14.19=h0804adb_0
  - ipykernel=7.2.0=pyha191276_1
  - ipython=9.10.0=pyh53cf698_0
  - ipython_pygments_lexers=1.1.1=pyhd8ed1ab_0
  - isoduration=20.11.0=pyhd8ed1ab_1
  - jasper=4.2.8=he3c4edf_0
  - jedi=0.19.2=pyhd8ed1ab_1
  - jinja2=3.1.6=pyhcf101f3_1
  - joblib=1.5.3=pyhd8ed1ab_0
  - json-c=0.18=h6688a6e_0
  - json5=0.13.0=pyhd8ed1ab_0
  - jsonpointer=3.0.0=pyhcf101f3_3
  - jsonschema=4.26.0=pyhcf101f3_0
  - jsonschema-specifications=2025.9.1=pyhcf101f3_0
  - jsonschema-with-format-nongpl=4.26.0=hcf101f3_0
  - jupyter-lsp=2.3.0=pyhcf101f3_0
  - jupyter_client=8.8.0=pyhcf101f3_0
  - jupyter_core=5.9.1=pyhc90fa1f_0
  - jupyter_events=0.12.0=pyhe01879c_0
  - jupyter_server=2.17.0=pyhcf101f3_0
  - jupyter_server_terminals=0.5.4=pyhcf101f3_0
  - jupyterlab=4.5.5=pyhd8ed1ab_0
  - jupyterlab_pygments=0.3.0=pyhd8ed1ab_2
  - jupyterlab_server=2.28.0=pyhcf101f3_0
  - keyutils=1.6.3=hb9d3cd8_0
  - kiwisolver=1.4.9=py311h724c32c_2
  - krb5=1.21.3=h659f571_0
  - lark=1.3.1=pyhd8ed1ab_0
  - lcms2=2.18=h0c24ade_0
  - ld_impl_linux-64=2.45.1=default_hbd61a6d_101
  - lerc=4.0.0=h0aef613_1
  - libabseil=20260107.1=cxx17_h7b12aa8_0
  - libaec=1.1.5=h088129d_0
  - libarchive=3.8.5=gpl_hc2c16d8_100
  - libarrow=23.0.1=h711ef25_3_cpu
  - libarrow-acero=23.0.1=h635bf11_3_cpu
  - libarrow-compute=23.0.1=h53684a4_3_cpu
  - libarrow-dataset=23.0.1=h635bf11_3_cpu
  - libarrow-substrait=23.0.1=hb4dd7c2_3_cpu
  - libblas=3.11.0=5_h4a7cf45_openblas
  - libbrotlicommon=1.2.0=hb03c661_1
  - libbrotlidec=1.2.0=hb03c661_1
  - libbrotlienc=1.2.0=hb03c661_1
  - libcblas=3.11.0=5_h0358290_openblas
  - libclang-cpp21.1=21.1.8=default_h99862b1_3
  - libclang13=22.1.0=default_h746c552_0
  - libcrc32c=1.1.2=h9c3ff4c_0
  - libcups=2.3.3=hb8b1518_5
  - libcurl=8.18.0=h4e3cde8_0
  - libdeflate=1.25=h17f619e_0
  - libdrm=2.4.125=hb03c661_1
  - libedit=3.1.20250104=pl5321h7949ede_0
  - libegl=1.7.0=ha4b6fd6_2
  - libegl-devel=1.7.0=ha4b6fd6_2
  - libev=4.33=hd590300_2
  - libevent=2.1.12=hf998b51_1
  - libexpat=2.7.4=hecca717_0
  - libffi=3.5.2=h3435931_0
  - libfreetype=2.14.1=ha770c72_0
  - libfreetype6=2.14.1=h73754d4_0
  - libgcc=15.2.0=he0feb66_18
  - libgcc-ng=15.2.0=h69a702a_18
  - libgd=2.3.3=h5fbf134_12
  - libgdal-core=3.12.2=hc2c0581_1
  - libgdal-hdf4=3.12.2=hf70aa56_1
  - libgdal-hdf5=3.12.2=hcaab353_1
  - libgdal-netcdf=3.12.2=h03ef1cf_1
  - libgfortran=15.2.0=h69a702a_18
  - libgfortran-ng=15.2.0=h69a702a_18
  - libgfortran5=15.2.0=h68bc16d_18
  - libgl=1.7.0=ha4b6fd6_2
  - libgl-devel=1.7.0=ha4b6fd6_2
  - libglib=2.86.4=h6548e54_1
  - libglu=9.0.3=h5888daf_1
  - libglvnd=1.7.0=ha4b6fd6_2
  - libglx=1.7.0=ha4b6fd6_2
  - libglx-devel=1.7.0=ha4b6fd6_2
  - libgomp=15.2.0=he0feb66_18
  - libgoogle-cloud=2.39.0=h9d11ab5_1
  - libgoogle-cloud-storage=2.39.0=hdbdcf42_1
  - libgrpc=1.78.0=h1d1128b_1
  - libhwloc=2.12.1=default_hafda6a7_1003
  - libhwy=1.3.0=h4c17acf_1
  - libiconv=1.18=h3b78370_2
  - libjpeg-turbo=3.1.2=hb03c661_0
  - libjxl=0.11.2=ha09017c_0
  - libkml=1.3.0=haa4a5bd_1022
  - liblapack=3.11.0=5_h47877c9_openblas
  - liblapacke=3.11.0=5_h6ae95b6_openblas
  - libllvm21=21.1.8=hf7376ad_0
  - libllvm22=22.1.0=hf7376ad_0
  - liblzma=5.8.2=hb03c661_0
  - liblzma-devel=5.8.2=hb03c661_0
  - libnetcdf=4.9.3=nompi_hbf2fc22_104
  - libnghttp2=1.67.0=had1ee68_0
  - libnsl=2.0.1=hb9d3cd8_1
  - libntlm=1.8=hb9d3cd8_0
  - libopenblas=0.3.30=pthreads_h94d23a6_4
  - libopengl=1.7.0=ha4b6fd6_2
  - libopentelemetry-cpp=1.21.0=h9692893_2
  - libopentelemetry-cpp-headers=1.21.0=ha770c72_2
  - libparquet=23.0.1=h7376487_3_cpu
  - libpciaccess=0.18=hb9d3cd8_0
  - libpng=1.6.55=h421ea60_0
  - libpq=18.2=hb80d175_0
  - libprotobuf=6.33.5=h2b00c02_0
  - libre2-11=2025.11.05=h0dc7533_1
  - librsvg=2.60.2=h61e6d4b_0
  - librttopo=1.1.0=h46dd2a8_20
  - libscotch=7.0.4=h2fe6a88_5
  - libsodium=1.0.20=h4ab18f5_0
  - libspatialite=5.1.0=gpl_h2abfd87_119
  - libspral=2025.05.20=hfabd9d1_1
  - libsqlite=3.51.2=hf4e2dac_0
  - libssh2=1.11.1=hcf80075_0
  - libstdcxx=15.2.0=h934c35e_18
  - libstdcxx-ng=15.2.0=hdf11a46_18
  - libthrift=0.22.0=h454ac66_1
  - libtiff=4.7.1=h9d88235_1
  - libutf8proc=2.11.3=hfe17d71_0
  - libuuid=2.41.3=h5347b49_0
  - libvulkan-loader=1.4.341.0=h5279c79_0
  - libwebp-base=1.6.0=hd42ef1d_0
  - libxcb=1.17.0=h8a09558_0
  - libxcrypt=4.4.36=hd590300_1
  - libxkbcommon=1.13.1=hca5e8e5_0
  - libxml2=2.15.1=he237659_1
  - libxml2-16=2.15.1=hca6bf5a_1
  - libxml2-devel=2.15.1=he237659_1
  - libxslt=1.1.43=h711ed8c_1
  - libzip=1.11.2=h6991a6a_0
  - libzlib=1.3.1=hb9d3cd8_2
  - linkify-it-py=2.0.3=pyhd8ed1ab_1
  - linopy=0.6.4=pyhcf101f3_1
  - llvmlite=0.46.0=py311h41a00d4_0
  - locket=1.0.0=pyhd8ed1ab_0
  - lxml=6.0.2=py311h8840267_2
  - lz4=4.4.5=py311h1c460e0_1
  - lz4-c=1.10.0=h5888daf_1
  - lzo=2.10=h280c20c_1002
  - mapclassify=2.10.0=pyhd8ed1ab_1
  - markdown=3.10.2=pyhcf101f3_0
  - markdown-it-py=4.0.0=pyhd8ed1ab_0
  - markupsafe=3.0.3=py311h3778330_0
  - matplotlib=3.10.8=py311h38be061_0
  - matplotlib-base=3.10.8=py311h0f3be63_0
  - matplotlib-inline=0.2.1=pyhd8ed1ab_0
  - mdit-py-plugins=0.5.0=pyhd8ed1ab_0
  - mdurl=0.1.2=pyhd8ed1ab_1
  - memory_profiler=0.61.0=pyhcf101f3_1
  - mercantile=1.2.1=pyhd8ed1ab_1
  - metis=5.1.0=hd0bcaf9_1007
  - minizip=4.0.10=h05a5f5f_0
  - mistune=3.2.0=pyhcf101f3_0
  - mpfr=4.2.1=h90cbb55_3
  - msgpack-python=1.1.2=py311hdf67eae_1
  - multidict=6.7.1=py311h3778330_0
  - multipledispatch=0.6.0=pyhd8ed1ab_1
  - multiurl=0.3.7=pyhd8ed1ab_0
  - multivolumefile=0.2.3=pyhd8ed1ab_1
  - mumps-include=5.7.3=h82cca05_10
  - mumps-seq=5.7.3=h27a6a8b_0
  - munkres=1.1.4=pyhd8ed1ab_1
  - muparser=2.3.5=h5888daf_0
  - narwhals=2.17.0=pyhcf101f3_0
  - nbclient=0.10.4=pyhd8ed1ab_0
  - nbconvert-core=7.17.0=pyhcf101f3_0
  - nbformat=5.10.4=pyhd8ed1ab_1
  - ncurses=6.5=h2d0b736_3
  - nest-asyncio=1.6.0=pyhd8ed1ab_1
  - netcdf4=1.7.4=nompi_py311h66524b1_102
  - networkx=3.6.1=pyhcf101f3_0
  - nlohmann_json=3.12.0=h54a6638_1
  - nodeenv=1.10.0=pyhd8ed1ab_0
  - nomkl=1.0=h5ca1d4c_0
  - notebook-shim=0.2.4=pyhd8ed1ab_1
  - numba=0.63.1=py311h3c884d5_0
  - numexpr=2.14.1=py311h3143de2_101
  - numpoly=1.3.9=py311h49ec1c0_0
  - numpy=1.26.4=py311h64a7726_0
  - openjpeg=2.5.4=h55fea9a_0
  - openldap=2.6.10=he970967_0
  - openpyxl=3.1.5=py311h534898f_3
  - openssl=3.6.1=h35e630c_1
  - orc=2.2.2=hbb90d81_1
  - overrides=7.7.0=pyhd8ed1ab_1
  - packaging=26.0=pyhcf101f3_0
  - pandas=3.0.1=py311h8032f78_0
  - pandocfilters=1.5.0=pyhd8ed1ab_0
  - panel=1.8.7=pyhd8ed1ab_0
  - pango=1.56.4=hadf4263_0
  - param=2.3.2=pyhc455866_0
  - parso=0.8.6=pyhcf101f3_0
  - partd=1.4.2=pyhd8ed1ab_0
  - patsy=1.0.2=pyhcf101f3_0
  - pcre2=10.47=haa7fec5_0
  - pexpect=4.9.0=pyhd8ed1ab_1
  - pillow=12.1.1=py311hf88fc01_0
  - pip=26.0.1=pyh8b19718_0
  - pixman=0.46.4=h54a6638_1
  - platformdirs=4.9.2=pyhcf101f3_0
  - plotly=6.5.2=pyhd8ed1ab_0
  - pluggy=1.6.0=pyhf9edf01_1
  - ply=3.11=pyhd8ed1ab_3
  - polars=1.38.1=pyh6a1acc5_0
  - polars-runtime-32=1.38.1=py310hffdcd12_0
  - powerplantmatching=0.8.0=pyhd8ed1ab_0
  - pre-commit=4.5.1=pyha770c72_0
  - progressbar2=4.5.0=pyhd8ed1ab_1
  - proj=9.7.1=he0df7b0_3
  - prometheus-cpp=1.3.0=ha5d0236_0
  - prometheus_client=0.24.1=pyhd8ed1ab_0
  - prompt-toolkit=3.0.52=pyha770c72_0
  - propcache=0.3.1=py311h2dc5d0c_0
  - proto-plus=1.27.1=pyhd8ed1ab_0
  - protobuf=6.33.5=py311h3f0a9aa_1
  - psutil=7.2.2=py311haee01d2_0
  - pthread-stubs=0.4=hb9d3cd8_1002
  - ptyprocess=0.7.0=pyhd8ed1ab_1
  - pulp=2.7.0=py311h38be061_1
  - pure_eval=0.2.3=pyhd8ed1ab_1
  - py-cpuinfo=9.0.0=pyhd8ed1ab_1
  - py7zr=1.1.2=pyhd8ed1ab_0
  - pyarrow=23.0.1=py311h38be061_0
  - pyarrow-core=23.0.1=py311h66caee6_0_cpu
  - pyasn1=0.6.2=pyhd8ed1ab_0
  - pyasn1-modules=0.4.2=pyhd8ed1ab_0
  - pybcj=1.0.7=py311h49ec1c0_1
  - pycountry=24.6.1=pyhd8ed1ab_0
  - pycparser=2.22=pyh29332c3_1
  - pycryptodomex=3.23.0=py311h49ec1c0_1
  - pyct=0.6.0=pyhd8ed1ab_0
  - pydoe2=1.3.0=pyhd8ed1ab_1
  - pygments=2.19.2=pyhd8ed1ab_0
  - pyogrio=0.12.1=py311h422ce6a_0
  - pyomo=6.9.5=py311h1ddb823_0
  - pyopenssl=25.3.0=pyhd8ed1ab_0
  - pyparsing=3.3.2=pyhcf101f3_0
  - pyppmd=1.3.1=py311h1ddb823_1
  - pyproj=3.7.2=py311h4e6619b_2
  - pypsa=0.30.3=pyhd8ed1ab_0
  - pyscipopt=6.1.0=np2py311h912ec1f_0
  - pyshp=3.0.3=pyhd8ed1ab_0
  - pyside6=6.10.2=py311he4c1a5a_0
  - pysocks=1.7.1=pyha55dd90_7
  - pytables=3.11.0=py311h144bb87_0
  - pytest=9.0.2=pyhcf101f3_0
  - python=3.11.14=hd63d673_3_cpython
  - python-dateutil=2.9.0.post0=pyhe01879c_2
  - python-discovery=1.1.0=pyhcf101f3_0
  - python-eccodes=2.45.0=np2py311h50facf7_1
  - python-fastjsonschema=2.21.2=pyhe01879c_0
  - python-gil=3.11.14=hd8ed1ab_3
  - python-json-logger=2.0.7=pyhd8ed1ab_0
  - python-tzdata=2025.3=pyhd8ed1ab_0
  - python-utils=3.9.1=pyhff2d567_1
  - python_abi=3.11=8_cp311
  - pytz=2025.2=pyhd8ed1ab_0
  - pyu2f=0.1.5=pyhd8ed1ab_1
  - pyviz_comms=3.0.6=pyhd8ed1ab_0
  - pyyaml=6.0.3=py311h3778330_1
  - pyzmq=27.1.0=py311h57d2397_2
  - pyzstd=0.19.1=pyhd8ed1ab_0
  - qhull=2020.2=h434a139_5
  - qt6-main=6.10.2=hb82b983_4
  - rasterio=1.4.4=py311hf34719e_2
  - re2=2025.11.05=h5301d42_1
  - readline=8.3=h853b02a_0
  - referencing=0.37.0=pyhcf101f3_0
  - requests=2.32.5=pyhcf101f3_1
  - reretry=0.11.8=pyhd8ed1ab_1
  - reverse-geocode=1.4.1=pyhd8ed1ab_0
  - rfc3339-validator=0.1.4=pyhd8ed1ab_1
  - rfc3986-validator=0.1.1=pyh9f0ad1d_0
  - rfc3987-syntax=1.1.0=pyhe01879c_1
  - rich=14.3.3=pyhcf101f3_0
  - rioxarray=0.19.0=pyhd8ed1ab_0
  - rpds-py=0.30.0=py311h902ca64_0
  - rsa=4.9.1=pyhd8ed1ab_0
  - ruamel.yaml=0.17.26=py311h459d7ec_0
  - ruamel.yaml.clib=0.2.15=py311haee01d2_1
  - s2n=1.7.0=ha63dd3a_1
  - scikit-learn=1.8.0=np2py311ha15b03d_1
  - scip=10.0.1=hd8b5c82_0
  - scipy=1.15.2=py311h8f841c2_0
  - seaborn=0.13.2=hd8ed1ab_3
  - seaborn-base=0.13.2=pyhd8ed1ab_3
  - send2trash=2.1.0=pyha191276_1
  - setuptools=81.0.0=pyh332efcf_0
  - shapely=2.1.2=py311h8a92878_2
  - six=1.17.0=pyhe01879c_1
  - smart_open=7.5.1=pyhcf101f3_0
  - smmap=5.0.2=pyhd8ed1ab_0
  - snakemake-minimal=7.32.4=pyhdfd78af_1
  - snappy=1.2.2=h03e3b7b_1
  - sniffio=1.3.1=pyhd8ed1ab_2
  - snuggs=1.4.7=pyhd8ed1ab_2
  - sortedcontainers=2.4.0=pyhd8ed1ab_1
  - soupsieve=2.8.3=pyhd8ed1ab_0
  - sqlite=3.51.2=h04a0ce9_0
  - stack_data=0.6.3=pyhd8ed1ab_1
  - statsmodels=0.14.6=py311h0372a8f_0
  - stopit=1.1.2=pyhcf101f3_2
  - tabulate=0.9.0=pyhcf101f3_3
  - tbb=2022.3.0=h8d10470_1
  - tblib=3.2.2=pyhcf101f3_0
  - terminado=0.18.1=pyhc90fa1f_1
  - texttable=1.7.0=pyhd8ed1ab_1
  - threadpoolctl=3.6.0=pyhecae5ae_0
  - throttler=1.2.2=pyhd8ed1ab_0
  - tinycss2=1.4.0=pyhd8ed1ab_0
  - tk=8.6.13=noxft_h366c992_103
  - tomli=2.4.0=pyhcf101f3_0
  - toolz=1.1.0=pyhd8ed1ab_1
  - toposort=1.10=pyhd8ed1ab_1
  - tornado=6.5.3=py311h49ec1c0_0
  - tqdm=4.67.3=pyh8f84b5b_0
  - traitlets=5.14.3=pyhd8ed1ab_1
  - tsam=3.1.1=pyhd8ed1ab_0
  - typing-extensions=4.15.0=h396c80c_0
  - typing_extensions=4.15.0=pyhcf101f3_0
  - typing_utils=0.1.0=pyhd8ed1ab_1
  - tzdata=2025c=hc9c84f9_1
  - uc-micro-py=1.0.3=pyhd8ed1ab_1
  - ukkonen=1.1.0=py311hdf67eae_0
  - unicodedata2=17.0.1=py311h49ec1c0_0
  - unidecode=1.4.0=pyhcf101f3_1
  - uri-template=1.3.0=pyhd8ed1ab_1
  - uriparser=0.9.8=hac33072_0
  - urllib3=2.6.3=pyhd8ed1ab_0
  - validators=0.35.0=pyhd8ed1ab_0
  - virtualenv=21.0.0=pyhcf101f3_0
  - wayland=1.24.0=hd6090a7_1
  - wcwidth=0.6.0=pyhd8ed1ab_0
  - webcolors=25.10.0=pyhd8ed1ab_0
  - webencodings=0.5.1=pyhd8ed1ab_3
  - websocket-client=1.9.0=pyhd8ed1ab_0
  - wheel=0.46.3=pyhd8ed1ab_0
  - wrapt=2.1.1=py311h49ec1c0_0
  - xarray=2025.1.2=pyhd8ed1ab_0
  - xcb-util=0.4.1=h4f16b4b_2
  - xcb-util-cursor=0.1.6=hb03c661_0
  - xcb-util-image=0.4.0=hb711507_2
  - xcb-util-keysyms=0.4.1=hb711507_0
  - xcb-util-renderutil=0.3.10=hb711507_0
  - xcb-util-wm=0.4.2=hb711507_0
  - xerces-c=3.3.0=hd9031aa_1
  - xkeyboard-config=2.47=hb03c661_0
  - xlrd=2.0.2=pyhd8ed1ab_0
  - xorg-libice=1.1.2=hb9d3cd8_0
  - xorg-libsm=1.2.6=he73a12e_0
  - xorg-libx11=1.8.13=he1eb515_0
  - xorg-libxau=1.0.12=hb03c661_1
  - xorg-libxcomposite=0.4.7=hb03c661_0
  - xorg-libxcursor=1.2.3=hb9d3cd8_0
  - xorg-libxdamage=1.1.6=hb9d3cd8_0
  - xorg-libxdmcp=1.1.5=hb03c661_1
  - xorg-libxext=1.3.7=hb03c661_0
  - xorg-libxfixes=6.0.2=hb03c661_0
  - xorg-libxi=1.8.2=hb9d3cd8_0
  - xorg-libxinerama=1.1.6=hecca717_0
  - xorg-libxrandr=1.5.5=hb03c661_0
  - xorg-libxrender=0.9.12=hb9d3cd8_0
  - xorg-libxtst=1.2.5=hb9d3cd8_3
  - xorg-libxxf86vm=1.1.7=hb03c661_0
  - xorg-xorgproto=2025.1=hb03c661_0
  - xyzservices=2025.11.0=pyhd8ed1ab_0
  - xz=5.8.2=ha02ee65_0
  - xz-gpl-tools=5.8.2=ha02ee65_0
  - xz-tools=5.8.2=hb03c661_0
  - yaml=0.2.5=h280c20c_3
  - yarl=1.22.0=py311h3778330_0
  - yte=1.9.4=pyhd8ed1ab_0
  - zeromq=4.3.5=h387f397_9
  - zict=3.0.0=pyhd8ed1ab_1
  - zipfile-deflate64=0.2.0=py311h459d7ec_4
  - zipp=3.23.0=pyhcf101f3_1
  - zlib=1.3.1=hb9d3cd8_2
  - zlib-ng=2.3.3=hceb46e0_1
  - zstd=1.5.7=hb78ec9c_6
  - pip:
      - currencyconverter == 0.18.15 --hash=sha256:daa23172d1663eb71c383f627a4516cccab4590d94eb75cc49ccbf70a09f0731
      - googledrivedownloader == 1.1.0 --hash=sha256:f4579f16520a995d97c036964b466304c5842f05ffbebeb66c3f539cbb9f3e25
