# SPDX-FileCopyrightText: PyPSA-Earth and PyPSA-Eur Authors
#
# SPDX-License-Identifier: CC0-1.0

# Generated by conda-lock.
# platform: linux-64
# input_hash: 8aa8faa193891d23557e273cea88f4b4c6a8c54ea37f947f08b402c7a4b0c1f6
name: pypsa-earth

channels:
  - conda-forge
  - bioconda
  - gurobi
dependencies:
  - _libgcc_mutex=0.1=conda_forge
  - _openmp_mutex=4.5=2_gnu
  - _python_abi3_support=1.0=hd8ed1ab_2
  - adwaita-icon-theme=49.0=unix_0
  - affine=2.4.0=pyhd8ed1ab_1
  - aiohappyeyeballs=2.6.1=pyhd8ed1ab_0
  - aiohttp=3.13.2=py311h0281608_0
  - aiosignal=1.4.0=pyhd8ed1ab_0
  - alsa-lib=1.2.14=hb9d3cd8_0
  - ampl-asl=1.0.0=h5888daf_2
  - amply=0.1.6=pyhd8ed1ab_1
  - anyio=4.12.0=pyhcf101f3_0
  - appdirs=1.4.4=pyhd8ed1ab_1
  - argon2-cffi=25.1.0=pyhd8ed1ab_0
  - argon2-cffi-bindings=25.1.0=py311h49ec1c0_2
  - argparse-dataclass=2.0.0=pyhd8ed1ab_1
  - arrow=1.4.0=pyhcf101f3_0
  - asttokens=3.0.1=pyhd8ed1ab_0
  - async-lru=2.0.5=pyh29332c3_0
  - at-spi2-atk=2.38.0=h0630a04_3
  - at-spi2-core=2.40.3=h0630a04_0
  - atk-1.0=2.38.0=h04ea711_2
  - atlite=0.4.1=pyhd8ed1ab_1
  - attr=2.5.2=h39aace5_0
  - attrs=25.4.0=pyhcf101f3_1
  - aws-c-auth=0.9.3=hef928c7_0
  - aws-c-cal=0.9.13=h2c9d079_1
  - aws-c-common=0.12.6=hb03c661_0
  - aws-c-compression=0.3.1=h8b1a151_9
  - aws-c-event-stream=0.5.7=h28f887f_1
  - aws-c-http=0.10.7=ha8fc4e3_5
  - aws-c-io=0.23.3=hdaf4b65_5
  - aws-c-mqtt=0.13.3=hc63082f_11
  - aws-c-s3=0.11.3=h06ab39a_1
  - aws-c-sdkutils=0.2.4=h8b1a151_4
  - aws-checksums=0.2.7=h8b1a151_5
  - aws-crt-cpp=0.35.2=h8824e59_6
  - aws-sdk-cpp=1.11.606=hf38915e_9
  - azure-core-cpp=1.16.1=h3a458e0_0
  - azure-identity-cpp=1.13.2=h3a5f585_1
  - azure-storage-blobs-cpp=12.15.0=h2a74896_1
  - azure-storage-common-cpp=12.11.0=h3d7a050_1
  - azure-storage-files-datalake-cpp=12.13.0=hf38f1be_1
  - babel=2.17.0=pyhd8ed1ab_0
  - backports.zstd=1.2.0=py311h6b1f9c4_0
  - beautifulsoup4=4.14.3=pyha770c72_0
  - bleach=6.3.0=pyhcf101f3_0
  - bleach-with-css=6.3.0=h5f6438b_0
  - blosc=1.21.6=he440d0b_1
  - bokeh=3.8.1=pyhd8ed1ab_0
  - bottleneck=1.6.0=np2py311h50facf7_3
  - branca=0.8.2=pyhd8ed1ab_0
  - brotli=1.2.0=hed03a55_1
  - brotli-bin=1.2.0=hb03c661_1
  - brotli-python=1.2.0=py311h66f275b_1
  - brotlicffi=1.2.0.0=py311h1ddb823_0
  - bzip2=1.0.8=hda65f42_8
  - c-ares=1.34.6=hb03c661_0
  - c-blosc2=2.22.0=hc31b594_1
  - ca-certificates=2025.11.12=hbd8a1cb_0
  - cached-property=1.5.2=hd8ed1ab_1
  - cached_property=1.5.2=pyha770c72_1
  - cachetools=6.2.2=pyhd8ed1ab_0
  - cairo=1.18.4=h3394656_0
  - cartopy=0.25.0=py311hed34c8f_1
  - cdsapi=0.7.7=pyhd8ed1ab_0
  - certifi=2025.11.12=pyhd8ed1ab_0
  - cffi=2.0.0=py311h03d9500_1
  - cfgrib=0.9.15.1=pyhd8ed1ab_0
  - cfgv=3.5.0=pyhd8ed1ab_0
  - cftime=1.6.4=py311h0372a8f_2
  - chaospy=4.3.20=pyhd8ed1ab_0
  - charset-normalizer=3.4.4=pyhd8ed1ab_0
  - click=8.3.1=pyh8f84b5b_1
  - click-plugins=1.1.1.2=pyhd8ed1ab_0
  - cligj=0.7.2=pyhd8ed1ab_2
  - cloudpickle=3.1.2=pyhd8ed1ab_0
  - coin-or-cbc=2.10.12=h4d16d09_4
  - coin-or-cgl=0.60.9=hc46dffc_6
  - coin-or-clp=1.17.10=hc03379b_3
  - coin-or-osi=0.108.11=hf4fecb4_8
  - coin-or-utils=2.11.12=hc93afbd_7
  - coincbc=2.10.12=4_metapackage
  - colorama=0.4.6=pyhd8ed1ab_1
  - colorcet=3.1.0=pyhd8ed1ab_1
  - comm=0.2.3=pyhe01879c_0
  - configargparse=1.7.1=pyhe01879c_0
  - connection_pool=0.0.3=pyhd3deb0d_0
  - contextily=1.7.0=pyhd8ed1ab_0
  - contourpy=1.3.3=py311hdf67eae_3
  - country_converter=1.3.2=pyhd8ed1ab_0
  - cppad=20250000.2=h5888daf_0
  - cpython=3.11.14=py311hd8ed1ab_2
  - cryptography=46.0.3=py311h2005dd1_1
  - cycler=0.12.1=pyhcf101f3_2
  - cyrus-sasl=2.1.28=hd9c7081_0
  - cytoolz=1.1.0=py311h49ec1c0_1
  - dask=2025.11.0=pyhcf101f3_0
  - dask-core=2025.11.0=pyhcf101f3_0
  - datashader=0.18.2=pyhd8ed1ab_0
  - datrie=0.8.3=py311h49ec1c0_0
  - dbus=1.16.2=h24cb091_1
  - debugpy=1.8.17=py311hc665b79_1
  - decorator=5.2.1=pyhd8ed1ab_0
  - defusedxml=0.7.1=pyhd8ed1ab_0
  - deprecation=2.1.0=pyh9f0ad1d_0
  - distlib=0.4.0=pyhd8ed1ab_0
  - distributed=2025.11.0=pyhcf101f3_0
  - docutils=0.22.3=pyhd8ed1ab_0
  - dpath=2.2.0=pyha770c72_1
  - earth-osm=3.0.2=pyhd8ed1ab_0
  - eccodes=2.44.0=h83bc92c_0
  - ecmwf-datastores-client=0.4.1=pyhd8ed1ab_0
  - entsoe-py=0.7.8=pyhd8ed1ab_0
  - epoxy=1.5.10=hb03c661_2
  - et_xmlfile=2.0.0=pyhd8ed1ab_1
  - exceptiongroup=1.3.1=pyhd8ed1ab_0
  - executing=2.2.1=pyhd8ed1ab_0
  - fake-useragent=2.2.0=py311h38be061_1
  - filelock=3.20.0=pyhd8ed1ab_0
  - findlibs=0.1.2=pyhd8ed1ab_0
  - fiona=1.10.1=py311h1ddb823_4
  - folium=0.20.0=pyhd8ed1ab_0
  - font-ttf-dejavu-sans-mono=2.37=hab24e00_0
  - font-ttf-inconsolata=3.000=h77eed37_0
  - font-ttf-source-code-pro=2.038=h77eed37_0
  - font-ttf-ubuntu=0.83=h77eed37_3
  - fontconfig=2.15.0=h7e30c49_1
  - fonts-conda-ecosystem=1=0
  - fonts-conda-forge=1=hc364b38_1
  - fonttools=4.61.0=py311h3778330_0
  - fqdn=1.5.1=pyhd8ed1ab_1
  - freeglut=3.2.2=ha6d2627_3
  - freetype=2.14.1=ha770c72_0
  - freexl=2.0.0=h9dce30a_2
  - fribidi=1.0.16=hb03c661_0
  - frozenlist=1.7.0=py311h52bc045_0
  - fsspec=2025.12.0=pyhd8ed1ab_0
  - future=1.0.0=pyhd8ed1ab_2
  - gdk-pixbuf=2.44.4=h2b0a6b4_0
  - geographiclib=2.1=pyhd8ed1ab_0
  - geopandas=1.1.1=pyhd8ed1ab_1
  - geopandas-base=1.1.1=pyha770c72_1
  - geopy=2.4.1=pyhd8ed1ab_2
  - geos=3.14.1=h480dda7_0
  - geotiff=1.7.4=h1000f5c_4
  - geoviews=1.15.0=hd8ed1ab_0
  - geoviews-core=1.15.0=pyha770c72_0
  - gflags=2.2.2=h5888daf_1005
  - giflib=5.2.2=hd590300_0
  - gitdb=4.0.12=pyhd8ed1ab_0
  - gitpython=3.1.45=pyhff2d567_0
  - glib=2.86.3=h5192d8d_0
  - glib-tools=2.86.3=hf516916_0
  - glog=0.7.1=hbabe93e_0
  - glpk=5.0=h445213a_0
  - gmp=6.3.0=hac33072_2
  - google-api-core=2.28.1=pyhd8ed1ab_0
  - google-auth=2.43.0=pyhd8ed1ab_0
  - google-cloud-core=2.5.0=pyhd8ed1ab_0
  - google-cloud-storage=3.6.0=pyhcf101f3_0
  - google-crc32c=1.7.1=py311h2702b87_1
  - google-resumable-media=2.8.0=pyhd8ed1ab_0
  - googleapis-common-protos=1.72.0=pyhd8ed1ab_0
  - graphite2=1.3.14=hecca717_2
  - graphviz=14.1.0=h8b86629_0
  - grpcio=1.73.1=py311h46a3a17_1
  - grpcio-status=1.73.1=pyhd8ed1ab_0
  - gst-plugins-base=1.24.11=h651a532_0
  - gstreamer=1.24.11=hc37bda9_0
  - gtk3=3.24.43=h993cebd_6
  - gts=0.7.6=h977cf35_4
  - gurobi=13.0.0=py311_0
  - h11=0.16.0=pyhd8ed1ab_0
  - h2=4.3.0=pyhcf101f3_0
  - h5netcdf=1.7.3=pyhd8ed1ab_0
  - h5py=3.15.1=nompi_py311h0b2f468_101
  - harfbuzz=12.2.0=h15599e2_0
  - hdf4=4.2.15=h2a13503_7
  - hdf5=1.14.6=nompi_h1b119a7_104
  - hicolor-icon-theme=0.17=ha770c72_2
  - highspy=1.12.0=np2py311h912ec1f_0
  - holoviews=1.22.1=pyhd8ed1ab_0
  - hpack=4.1.0=pyhd8ed1ab_0
  - httpcore=1.0.9=pyh29332c3_0
  - httpx=0.28.1=pyhd8ed1ab_0
  - humanfriendly=10.0=pyh707e725_8
  - hvplot=0.12.1=pyhd8ed1ab_0
  - hyperframe=6.1.0=pyhd8ed1ab_0
  - icu=75.1=he02047a_0
  - identify=2.6.15=pyhd8ed1ab_0
  - idna=3.11=pyhd8ed1ab_0
  - importlib-metadata=8.7.0=pyhe01879c_1
  - importlib_metadata=8.7.0=h40b2b14_1
  - inflate64=1.0.4=py311h49ec1c0_0
  - iniconfig=2.3.0=pyhd8ed1ab_0
  - ipopt=3.14.19=h0804adb_0
  - ipykernel=7.1.0=pyha191276_0
  - ipython=9.8.0=pyh53cf698_0
  - ipython_pygments_lexers=1.1.1=pyhd8ed1ab_0
  - isoduration=20.11.0=pyhd8ed1ab_1
  - jasper=4.2.8=he3c4edf_0
  - jedi=0.19.2=pyhd8ed1ab_1
  - jinja2=3.1.6=pyhcf101f3_1
  - joblib=1.5.2=pyhd8ed1ab_0
  - json-c=0.18=h6688a6e_0
  - json5=0.12.1=pyhd8ed1ab_0
  - jsonpointer=3.0.0=pyhcf101f3_3
  - jsonschema=4.25.1=pyhe01879c_0
  - jsonschema-specifications=2025.9.1=pyhcf101f3_0
  - jsonschema-with-format-nongpl=4.25.1=he01879c_0
  - jupyter-lsp=2.3.0=pyhcf101f3_0
  - jupyter_client=8.6.3=pyhd8ed1ab_1
  - jupyter_core=5.9.1=pyhc90fa1f_0
  - jupyter_events=0.12.0=pyh29332c3_0
  - jupyter_server=2.17.0=pyhcf101f3_0
  - jupyter_server_terminals=0.5.3=pyhd8ed1ab_1
  - jupyterlab=4.5.0=pyhd8ed1ab_0
  - jupyterlab_pygments=0.3.0=pyhd8ed1ab_2
  - jupyterlab_server=2.28.0=pyhcf101f3_0
  - keyutils=1.6.3=hb9d3cd8_0
  - kiwisolver=1.4.9=py311h724c32c_2
  - krb5=1.21.3=h659f571_0
  - lame=3.100=h166bdaf_1003
  - lark=1.3.1=pyhd8ed1ab_0
  - lcms2=2.17=h717163a_0
  - ld_impl_linux-64=2.45=default_hbd61a6d_104
  - legacy-cgi=2.6.4=pyhcf101f3_0
  - lerc=4.0.0=h0aef613_1
  - libabseil=20250512.1=cxx17_hba17884_0
  - libaec=1.1.4=h3f801dc_0
  - libarchive=3.8.2=gpl_h7be2006_100
  - libarrow=22.0.0=h773bc41_4_cpu
  - libarrow-acero=22.0.0=h635bf11_4_cpu
  - libarrow-compute=22.0.0=h8c2c5c3_4_cpu
  - libarrow-dataset=22.0.0=h635bf11_4_cpu
  - libarrow-substrait=22.0.0=h3f74fd7_4_cpu
  - libblas=3.11.0=4_h4a7cf45_openblas
  - libbrotlicommon=1.2.0=hb03c661_1
  - libbrotlidec=1.2.0=hb03c661_1
  - libbrotlienc=1.2.0=hb03c661_1
  - libcap=2.77=h3ff7636_0
  - libcblas=3.11.0=4_h0358290_openblas
  - libclang-cpp21.1=21.1.7=default_h99862b1_1
  - libclang13=21.1.7=default_h746c552_1
  - libcrc32c=1.1.2=h9c3ff4c_0
  - libcups=2.3.3=hb8b1518_5
  - libcurl=8.17.0=h4e3cde8_0
  - libdeflate=1.25=h17f619e_0
  - libdrm=2.4.125=hb03c661_1
  - libedit=3.1.20250104=pl5321h7949ede_0
  - libegl=1.7.0=ha4b6fd6_2
  - libegl-devel=1.7.0=ha4b6fd6_2
  - libev=4.33=hd590300_2
  - libevent=2.1.12=hf998b51_1
  - libexpat=2.7.3=hecca717_0
  - libffi=3.5.2=h9ec8514_0
  - libflac=1.5.0=he200343_1
  - libfreetype=2.14.1=ha770c72_0
  - libfreetype6=2.14.1=h73754d4_0
  - libgcc=15.2.0=he0feb66_16
  - libgcc-ng=15.2.0=h69a702a_16
  - libgd=2.3.3=h6f5c62b_11
  - libgdal-core=3.10.3=h1f481a6_27
  - libgdal-hdf4=3.10.3=ha810028_27
  - libgdal-hdf5=3.10.3=h966a9c2_27
  - libgdal-netcdf=3.10.3=ha526aae_27
  - libgfortran=15.2.0=h69a702a_16
  - libgfortran-ng=15.2.0=h69a702a_16
  - libgfortran5=15.2.0=h68bc16d_16
  - libgl=1.7.0=ha4b6fd6_2
  - libgl-devel=1.7.0=ha4b6fd6_2
  - libglib=2.86.3=h6548e54_0
  - libglu=9.0.3=h5888daf_1
  - libglvnd=1.7.0=ha4b6fd6_2
  - libglx=1.7.0=ha4b6fd6_2
  - libglx-devel=1.7.0=ha4b6fd6_2
  - libgomp=15.2.0=he0feb66_16
  - libgoogle-cloud=2.39.0=hdb79228_0
  - libgoogle-cloud-storage=2.39.0=hdbdcf42_0
  - libgrpc=1.73.1=h3288cfb_1
  - libhwloc=2.12.1=default_hafda6a7_1003
  - libiconv=1.18=h3b78370_2
  - libjpeg-turbo=3.1.2=hb03c661_0
  - libkml=1.3.0=haa4a5bd_1022
  - liblapack=3.11.0=4_h47877c9_openblas
  - liblapacke=3.11.0=4_h6ae95b6_openblas
  - libllvm21=21.1.7=hf7376ad_0
  - liblzma=5.8.1=hb9d3cd8_2
  - liblzma-devel=5.8.1=hb9d3cd8_2
  - libnetcdf=4.9.3=nompi_h11f7409_103
  - libnghttp2=1.67.0=had1ee68_0
  - libnsl=2.0.1=hb9d3cd8_1
  - libntlm=1.8=hb9d3cd8_0
  - libogg=1.3.5=hd0c01bc_1
  - libopenblas=0.3.30=pthreads_h94d23a6_4
  - libopengl=1.7.0=ha4b6fd6_2
  - libopentelemetry-cpp=1.21.0=hb9b0907_1
  - libopentelemetry-cpp-headers=1.21.0=ha770c72_1
  - libopus=1.5.2=hd0c01bc_0
  - libparquet=22.0.0=h7376487_4_cpu
  - libpciaccess=0.18=hb9d3cd8_0
  - libpng=1.6.53=h421ea60_0
  - libpq=18.1=h5c52fec_2
  - libprotobuf=6.31.1=h49aed37_2
  - libre2-11=2025.11.05=h7b12aa8_0
  - librsvg=2.60.0=h61e6d4b_0
  - librttopo=1.1.0=h46dd2a8_20
  - libscotch=7.0.4=h2fe6a88_5
  - libsndfile=1.2.2=hc7d488a_2
  - libsodium=1.0.20=h4ab18f5_0
  - libspatialite=5.1.0=gpl_h2abfd87_119
  - libspral=2025.05.20=hfabd9d1_1
  - libsqlite=3.51.1=h0c1763c_0
  - libssh2=1.11.1=hcf80075_0
  - libstdcxx=15.2.0=h934c35e_16
  - libstdcxx-ng=15.2.0=hdf11a46_16
  - libsystemd0=257.10=hd0affe5_2
  - libthrift=0.22.0=h454ac66_1
  - libtiff=4.7.1=h9d88235_1
  - libutf8proc=2.11.2=hfe17d71_0
  - libuuid=2.41.2=h5347b49_1
  - libvorbis=1.3.7=h54a6638_2
  - libwebp-base=1.6.0=hd42ef1d_0
  - libxcb=1.17.0=h8a09558_0
  - libxcrypt=4.4.36=hd590300_1
  - libxkbcommon=1.13.1=hca5e8e5_0
  - libxml2=2.15.1=h26afc86_0
  - libxml2-16=2.15.1=ha9997c6_0
  - libxml2-devel=2.15.1=h26afc86_0
  - libxslt=1.1.43=h711ed8c_1
  - libzip=1.11.2=h6991a6a_0
  - libzlib=1.3.1=hb9d3cd8_2
  - linkify-it-py=2.0.3=pyhd8ed1ab_1
  - linopy=0.5.8=pyhd8ed1ab_0
  - llvmlite=0.45.1=py311h41a00d4_0
  - locket=1.0.0=pyhd8ed1ab_0
  - lxml=6.0.2=py311h8840267_2
  - lz4=4.4.5=py311h1c460e0_1
  - lz4-c=1.10.0=h5888daf_1
  - lzo=2.10=h280c20c_1002
  - mapclassify=2.10.0=pyhd8ed1ab_1
  - markdown=3.10=pyhcf101f3_1
  - markdown-it-py=4.0.0=pyhd8ed1ab_0
  - markupsafe=3.0.3=py311h3778330_0
  - matplotlib=3.9.1=py311h38be061_1
  - matplotlib-base=3.9.1=py311h74b4f7c_2
  - matplotlib-inline=0.2.1=pyhd8ed1ab_0
  - mdit-py-plugins=0.5.0=pyhd8ed1ab_0
  - mdurl=0.1.2=pyhd8ed1ab_1
  - memory_profiler=0.61.0=pyhcf101f3_1
  - mercantile=1.2.1=pyhd8ed1ab_1
  - metis=5.1.0=hd0bcaf9_1007
  - minizip=4.0.10=h05a5f5f_0
  - mistune=3.1.4=pyhcf101f3_0
  - mpfr=4.2.1=h90cbb55_3
  - mpg123=1.32.9=hc50e24c_0
  - msgpack-python=1.1.2=py311hdf67eae_1
  - multidict=6.6.3=py311h2dc5d0c_0
  - multipledispatch=0.6.0=pyhd8ed1ab_1
  - multiurl=0.3.7=pyhd8ed1ab_0
  - multivolumefile=0.2.3=pyhd8ed1ab_1
  - mumps-include=5.7.3=h82cca05_10
  - mumps-seq=5.7.3=h27a6a8b_0
  - munkres=1.1.4=pyhd8ed1ab_1
  - narwhals=2.13.0=pyhcf101f3_0
  - nbclient=0.10.2=pyhd8ed1ab_0
  - nbconvert-core=7.16.6=pyhcf101f3_1
  - nbformat=5.10.4=pyhd8ed1ab_1
  - ncurses=6.5=h2d0b736_3
  - nest-asyncio=1.6.0=pyhd8ed1ab_1
  - netcdf4=1.7.3=nompi_py311h6623971_100
  - networkx=3.6.1=pyhcf101f3_0
  - nlohmann_json=3.12.0=h54a6638_1
  - nodeenv=1.9.1=pyhd8ed1ab_1
  - nomkl=1.0=h5ca1d4c_0
  - notebook-shim=0.2.4=pyhd8ed1ab_1
  - nspr=4.38=h29cc59b_0
  - nss=3.118=h445c969_0
  - numba=0.62.1=py311hcdb8226_1
  - numexpr=2.14.1=py311h3143de2_101
  - numpoly=1.3.0=py311h49ec1c0_1
  - numpy=1.26.4=py311h64a7726_0
  - openjpeg=2.5.4=h55fea9a_0
  - openldap=2.6.10=he970967_0
  - openpyxl=3.1.5=py311h534898f_2
  - openssl=3.6.0=h26f9b46_0
  - orc=2.2.1=hd747db4_0
  - overrides=7.7.0=pyhd8ed1ab_1
  - packaging=25.0=pyh29332c3_1
  - pandas=2.3.3=py311hed34c8f_2
  - pandocfilters=1.5.0=pyhd8ed1ab_0
  - panel=1.8.4=pyhd8ed1ab_0
  - pango=1.56.4=hadf4263_0
  - param=2.3.1=pyhc455866_0
  - parso=0.8.5=pyhcf101f3_0
  - partd=1.4.2=pyhd8ed1ab_0
  - patsy=1.0.2=pyhcf101f3_0
  - pcre2=10.47=haa7fec5_0
  - pexpect=4.9.0=pyhd8ed1ab_1
  - pillow=12.0.0=py311hf88fc01_2
  - pip=25.3=pyh8b19718_0
  - pixman=0.46.4=h54a6638_1
  - platformdirs=4.5.1=pyhcf101f3_0
  - pluggy=1.6.0=pyhf9edf01_1
  - ply=3.11=pyhd8ed1ab_3
  - polars=1.36.0=pyh6a1acc5_0
  - polars-runtime-32=1.36.0=py310hffdcd12_0
  - powerplantmatching=0.7.1=pyhd8ed1ab_0
  - pre-commit=4.5.0=pyha770c72_0
  - progressbar2=4.5.0=pyhd8ed1ab_1
  - proj=9.7.1=h99ae125_0
  - prometheus-cpp=1.3.0=ha5d0236_0
  - prometheus_client=0.23.1=pyhd8ed1ab_0
  - prompt-toolkit=3.0.52=pyha770c72_0
  - propcache=0.3.1=py311h2dc5d0c_0
  - proto-plus=1.26.1=pyhd8ed1ab_0
  - protobuf=6.31.1=py311h425ed32_2
  - psutil=7.1.3=py311haee01d2_0
  - pthread-stubs=0.4=hb9d3cd8_1002
  - ptyprocess=0.7.0=pyhd8ed1ab_1
  - pulp=2.7.0=py311h38be061_1
  - pulseaudio-client=17.0=h9a6aba3_3
  - pure_eval=0.2.3=pyhd8ed1ab_1
  - py-cpuinfo=9.0.0=pyhd8ed1ab_1
  - py7zr=1.0.0=pyhd8ed1ab_0
  - pyarrow=22.0.0=py311h38be061_0
  - pyarrow-core=22.0.0=py311h342b5a4_0_cpu
  - pyasn1=0.6.1=pyhd8ed1ab_2
  - pyasn1-modules=0.4.2=pyhd8ed1ab_0
  - pybcj=1.0.7=py311h49ec1c0_0
  - pycountry=24.6.1=pyhd8ed1ab_0
  - pycparser=2.22=pyh29332c3_1
  - pycryptodomex=3.23.0=py311h49ec1c0_1
  - pyct=0.6.0=pyhd8ed1ab_0
  - pydoe2=1.3.0=pyhd8ed1ab_1
  - pygments=2.19.2=pyhd8ed1ab_0
  - pyogrio=0.11.0=py311hf6089d3_0
  - pyomo=6.9.5=py311h1ddb823_0
  - pyopenssl=25.3.0=pyhd8ed1ab_0
  - pyparsing=3.2.5=pyhcf101f3_0
  - pyppmd=1.1.0=py311hfdbb021_1
  - pyproj=3.7.2=py311h4e6619b_2
  - pypsa=0.33.2=pyhd8ed1ab_0
  - pyqt=5.15.11=py311h0580839_2
  - pyqt5-sip=12.17.0=py311h1ddb823_2
  - pyscipopt=5.6.0=py311h1ddb823_1
  - pyshp=3.0.3=pyhd8ed1ab_0
  - pysocks=1.7.1=pyha55dd90_7
  - pytables=3.10.2=py311h144bb87_10
  - pytest=9.0.2=pyhcf101f3_0
  - python=3.11.14=hd63d673_2_cpython
  - python-dateutil=2.9.0.post0=pyhe01879c_2
  - python-eccodes=2.44.0=py311h0372a8f_1
  - python-fastjsonschema=2.21.2=pyhe01879c_0
  - python-gil=3.11.14=hd8ed1ab_2
  - python-json-logger=2.0.7=pyhd8ed1ab_0
  - python-tzdata=2025.2=pyhd8ed1ab_0
  - python-utils=3.9.1=pyhff2d567_1
  - python_abi=3.11=8_cp311
  - pytz=2025.2=pyhd8ed1ab_0
  - pyu2f=0.1.5=pyhd8ed1ab_1
  - pyviz_comms=3.0.6=pyhd8ed1ab_0
  - pyyaml=6.0.3=py311h3778330_0
  - pyzmq=27.1.0=py311h2315fbb_0
  - pyzstd=0.19.0=pyhd8ed1ab_0
  - qhull=2020.2=h434a139_5
  - qt-main=5.15.15=h3c3fd16_6
  - rasterio=1.4.3=py311hf423b78_3
  - re2=2025.11.05=h5301d42_0
  - readline=8.2=h8c095d6_2
  - referencing=0.37.0=pyhcf101f3_0
  - requests=2.32.5=pyhd8ed1ab_0
  - reretry=0.11.8=pyhd8ed1ab_1
  - reverse-geocode=1.4.1=pyhd8ed1ab_0
  - rfc3339-validator=0.1.4=pyhd8ed1ab_1
  - rfc3986-validator=0.1.1=pyh9f0ad1d_0
  - rfc3987-syntax=1.1.0=pyhe01879c_1
  - rich=14.2.0=pyhcf101f3_0
  - rioxarray=0.19.0=pyhd8ed1ab_0
  - rpds-py=0.30.0=py311h902ca64_0
  - rsa=4.9.1=pyhd8ed1ab_0
  - ruamel.yaml=0.17.26=py311h459d7ec_0
  - ruamel.yaml.clib=0.2.14=py311h49ec1c0_0
  - s2n=1.6.2=he8a4886_1
  - scikit-learn=1.7.2=py311hc3e1efb_0
  - scip=9.2.4=hd8b5c82_2
  - scipy=1.15.2=py311h8f841c2_0
  - seaborn=0.13.2=hd8ed1ab_3
  - seaborn-base=0.13.2=pyhd8ed1ab_3
  - send2trash=1.8.3=pyh0d859eb_1
  - setuptools=80.9.0=pyhff2d567_0
  - shapely=2.1.2=py311h8a92878_2
  - sip=6.10.0=py311h1ddb823_1
  - six=1.17.0=pyhe01879c_1
  - smart_open=7.5.0=pyhcf101f3_0
  - smmap=5.0.2=pyhd8ed1ab_0
  - snakemake-minimal=7.32.4=pyhdfd78af_1
  - snappy=1.2.2=h03e3b7b_1
  - sniffio=1.3.1=pyhd8ed1ab_2
  - snuggs=1.4.7=pyhd8ed1ab_2
  - sortedcontainers=2.4.0=pyhd8ed1ab_1
  - soupsieve=2.8=pyhd8ed1ab_0
  - sqlite=3.51.1=hbc0de68_0
  - stack_data=0.6.3=pyhd8ed1ab_1
  - statsmodels=0.14.6=py311h0372a8f_0
  - stopit=1.1.2=pyhd8ed1ab_1
  - tabulate=0.9.0=pyhcf101f3_3
  - tbb=2022.3.0=h8d10470_1
  - tblib=3.2.2=pyhcf101f3_0
  - terminado=0.18.1=pyh0d859eb_0
  - texttable=1.7.0=pyhd8ed1ab_1
  - threadpoolctl=3.6.0=pyhecae5ae_0
  - throttler=1.2.2=pyhd8ed1ab_0
  - tinycss2=1.5.1=pyhcf101f3_0
  - tk=8.6.13=noxft_ha0e22de_103
  - toml=0.10.2=pyhcf101f3_3
  - tomli=2.3.0=pyhcf101f3_0
  - toolz=1.1.0=pyhd8ed1ab_1
  - toposort=1.10=pyhd8ed1ab_1
  - tornado=6.5.2=py311h49ec1c0_2
  - tqdm=4.67.1=pyhd8ed1ab_1
  - traitlets=5.14.3=pyhd8ed1ab_1
  - tsam=2.3.9=pyhd8ed1ab_0
  - typing-extensions=4.15.0=h396c80c_0
  - typing_extensions=4.15.0=pyhcf101f3_0
  - typing_utils=0.1.0=pyhd8ed1ab_1
  - tzdata=2025b=h78e105d_0
  - uc-micro-py=1.0.3=pyhd8ed1ab_1
  - ukkonen=1.0.1=py311hdf67eae_6
  - unicodedata2=17.0.0=py311h49ec1c0_1
  - unidecode=1.4.0=pyhcf101f3_1
  - uri-template=1.3.0=pyhd8ed1ab_1
  - uriparser=0.9.8=hac33072_0
  - urllib3=2.6.1=pyhd8ed1ab_0
  - validators=0.35.0=pyhd8ed1ab_0
  - virtualenv=20.35.4=pyhd8ed1ab_0
  - wayland=1.24.0=hd6090a7_1
  - wcwidth=0.2.14=pyhd8ed1ab_0
  - webcolors=25.10.0=pyhd8ed1ab_0
  - webencodings=0.5.1=pyhd8ed1ab_3
  - websocket-client=1.9.0=pyhd8ed1ab_0
  - wheel=0.45.1=pyhd8ed1ab_1
  - wrapt=2.0.1=py311h49ec1c0_1
  - xarray=2025.1.2=pyhd8ed1ab_0
  - xcb-util=0.4.1=h4f16b4b_2
  - xcb-util-image=0.4.0=hb711507_2
  - xcb-util-keysyms=0.4.1=hb711507_0
  - xcb-util-renderutil=0.3.10=hb711507_0
  - xcb-util-wm=0.4.2=hb711507_0
  - xerces-c=3.3.0=h988505b_0
  - xkeyboard-config=2.46=hb03c661_0
  - xlrd=2.0.2=pyhd8ed1ab_0
  - xorg-libice=1.1.2=hb9d3cd8_0
  - xorg-libsm=1.2.6=he73a12e_0
  - xorg-libx11=1.8.12=h4f16b4b_0
  - xorg-libxau=1.0.12=hb03c661_1
  - xorg-libxcomposite=0.4.6=hb9d3cd8_2
  - xorg-libxcursor=1.2.3=hb9d3cd8_0
  - xorg-libxdamage=1.1.6=hb9d3cd8_0
  - xorg-libxdmcp=1.1.5=hb03c661_1
  - xorg-libxext=1.3.6=hb9d3cd8_0
  - xorg-libxfixes=6.0.2=hb03c661_0
  - xorg-libxi=1.8.2=hb9d3cd8_0
  - xorg-libxinerama=1.1.5=h5888daf_1
  - xorg-libxrandr=1.5.4=hb9d3cd8_0
  - xorg-libxrender=0.9.12=hb9d3cd8_0
  - xorg-libxshmfence=1.3.3=hb9d3cd8_0
  - xorg-libxtst=1.2.5=hb9d3cd8_3
  - xorg-libxxf86vm=1.1.6=hb9d3cd8_0
  - xorg-xorgproto=2024.1=hb9d3cd8_1
  - xyzservices=2025.11.0=pyhd8ed1ab_0
  - xz=5.8.1=hbcc6ac9_2
  - xz-gpl-tools=5.8.1=hbcc6ac9_2
  - xz-tools=5.8.1=hb9d3cd8_2
  - yaml=0.2.5=h280c20c_3
  - yarl=1.22.0=py311h3778330_0
  - yte=1.9.4=pyhd8ed1ab_0
  - zeromq=4.3.5=h387f397_9
  - zict=3.0.0=pyhd8ed1ab_1
  - zipfile-deflate64=0.2.0=py311h459d7ec_4
  - zipp=3.23.0=pyhcf101f3_1
  - zlib=1.3.1=hb9d3cd8_2
  - zlib-ng=2.3.2=h54a6638_0
  - zstd=1.5.7=hb78ec9c_6
  - pip:
      - currencyconverter == 0.18.12 --hash=sha256:9b60f099a7c8bb965c01678c7be1e282c49ccf7453adee23633658b2704112ba
      - googledrivedownloader == 1.1.0 --hash=sha256:f4579f16520a995d97c036964b466304c5842f05ffbebeb66c3f539cbb9f3e25
