# SPDX-FileCopyrightText: PyPSA-Earth and PyPSA-Eur Authors
#
# SPDX-License-Identifier: CC0-1.0

# Generated by conda-lock.
# platform: osx-arm64
# input_hash: 5455b892b551eecbbfb10ff2dff2bc5dd7131e0ea5c435b95f05150e41c5c93c
name: pypsa-earth

channels:
  - conda-forge
  - bioconda
  - gurobi
dependencies:
  - _openmp_mutex=4.5=7_kmp_llvm
  - _python_abi3_support=1.0=hd8ed1ab_2
  - adwaita-icon-theme=49.0=unix_0
  - affine=2.4.0=pyhd8ed1ab_1
  - aiohappyeyeballs=2.6.1=pyhd8ed1ab_0
  - aiohttp=3.13.3=py311h6771f6e_0
  - aiosignal=1.4.0=pyhd8ed1ab_0
  - ampl-asl=1.0.0=h286801f_2
  - amply=0.1.6=pyhd8ed1ab_1
  - anyio=4.12.1=pyhcf101f3_0
  - appdirs=1.4.4=pyhd8ed1ab_1
  - appnope=0.1.4=pyhd8ed1ab_1
  - argon2-cffi=25.1.0=pyhd8ed1ab_0
  - argon2-cffi-bindings=25.1.0=py311h9408147_2
  - argparse-dataclass=2.0.0=pyhd8ed1ab_1
  - arrow=1.4.0=pyhcf101f3_0
  - asttokens=3.0.1=pyhd8ed1ab_0
  - async-lru=2.2.0=pyhcf101f3_0
  - atk-1.0=2.38.0=hd03087b_2
  - atlite=0.4.1=pyhd8ed1ab_1
  - attrs=25.4.0=pyhcf101f3_1
  - aws-c-auth=0.9.6=ha02d361_1
  - aws-c-cal=0.9.13=h6ee9776_1
  - aws-c-common=0.12.6=hc919400_0
  - aws-c-compression=0.3.2=h3e7f9b5_0
  - aws-c-event-stream=0.5.9=hd533cd8_2
  - aws-c-http=0.10.10=ha1850f6_0
  - aws-c-io=0.26.1=h4137820_1
  - aws-c-mqtt=0.14.0=h5721393_1
  - aws-c-s3=0.11.5=h7d214dc_3
  - aws-c-sdkutils=0.2.4=h16f91aa_4
  - aws-checksums=0.2.10=h3e7f9b5_0
  - aws-crt-cpp=0.37.3=hcfbc53e_0
  - aws-sdk-cpp=1.11.747=h35a1687_1
  - azure-core-cpp=1.16.2=he5ae378_0
  - azure-identity-cpp=1.13.3=h810541e_1
  - azure-storage-blobs-cpp=12.16.0=hc57151b_1
  - azure-storage-common-cpp=12.12.0=he467506_1
  - azure-storage-files-datalake-cpp=12.14.0=hf8a9d22_1
  - babel=2.18.0=pyhcf101f3_0
  - backports.zstd=1.3.0=py311hee243d0_0
  - beautifulsoup4=4.14.3=pyha770c72_0
  - bleach=6.3.0=pyhcf101f3_1
  - bleach-with-css=6.3.0=hbca2aae_1
  - blosc=1.21.6=h7dd00d9_1
  - bokeh=3.8.2=pyhd8ed1ab_0
  - bottleneck=1.6.0=np2py311hda5b4d7_3
  - branca=0.8.2=pyhd8ed1ab_0
  - brotli=1.2.0=h7d5ae5b_1
  - brotli-bin=1.2.0=hc919400_1
  - brotli-python=1.2.0=py311hdc60ec4_1
  - brotlicffi=1.2.0.0=py311h251fd82_0
  - bzip2=1.0.8=hd037594_9
  - c-ares=1.34.6=hc919400_0
  - c-blosc2=2.23.0=hf9886e1_0
  - ca-certificates=2026.2.25=hbd8a1cb_0
  - cached-property=1.5.2=hd8ed1ab_1
  - cached_property=1.5.2=pyha770c72_1
  - cairo=1.18.4=he0f2337_1
  - cartopy=0.25.0=py311hdb8e4fa_1
  - cdsapi=0.7.7=pyhd8ed1ab_0
  - certifi=2026.2.25=pyhd8ed1ab_0
  - cffi=2.0.0=py311hd10dc20_1
  - cfgrib=0.9.15.1=pyhd8ed1ab_0
  - cfgv=3.5.0=pyhd8ed1ab_0
  - cftime=1.6.5=py311h48bb571_1
  - chaospy=4.3.20=pyhd8ed1ab_0
  - charset-normalizer=3.4.4=pyhd8ed1ab_0
  - click=8.3.1=pyh8f84b5b_1
  - click-plugins=1.1.1.2=pyhd8ed1ab_0
  - cligj=0.7.2=pyhd8ed1ab_2
  - cloudpickle=3.1.2=pyhcf101f3_1
  - coin-or-cbc=2.10.12=h2032c40_5
  - coin-or-cgl=0.60.9=h034796e_7
  - coin-or-clp=1.17.10=he934a02_4
  - coin-or-osi=0.108.11=ha2b0f8f_8
  - coin-or-utils=2.11.12=hbea9910_7
  - coincbc=2.10.12=5_metapackage
  - colorama=0.4.6=pyhd8ed1ab_1
  - colorcet=3.1.0=pyhd8ed1ab_1
  - comm=0.2.3=pyhe01879c_0
  - configargparse=1.7.1=pyhe01879c_0
  - connection_pool=0.0.3=pyhd3deb0d_0
  - contextily=1.7.0=pyhd8ed1ab_0
  - contourpy=1.3.3=py311h7d85929_4
  - country_converter=1.3.2=pyhd8ed1ab_0
  - cpython=3.11.14=py311hd8ed1ab_3
  - cryptography=46.0.5=py311hfdedaa2_0
  - cycler=0.12.1=pyhcf101f3_2
  - cytoolz=1.1.0=py311hc949640_2
  - dask=2026.1.2=pyhcf101f3_1
  - dask-core=2026.1.2=pyhcf101f3_0
  - datashader=0.18.2=pyhd8ed1ab_0
  - datrie=0.8.3=py311h3696347_0
  - debugpy=1.8.20=py311h8948835_0
  - decorator=5.2.1=pyhd8ed1ab_0
  - defusedxml=0.7.1=pyhd8ed1ab_0
  - deprecation=2.1.0=pyh9f0ad1d_0
  - distlib=0.4.0=pyhd8ed1ab_0
  - distributed=2026.1.2=pyhcf101f3_1
  - docutils=0.22.4=pyhd8ed1ab_0
  - dpath=2.2.0=pyha770c72_1
  - earth-osm=3.0.2=pyhd8ed1ab_0
  - eccodes=2.46.0=h768f3a7_0
  - ecmwf-datastores-client=0.4.2=pyhd8ed1ab_0
  - entsoe-py=0.7.10=pyhd8ed1ab_0
  - epoxy=1.5.10=hc919400_2
  - et_xmlfile=2.0.0=pyhd8ed1ab_1
  - exceptiongroup=1.3.1=pyhd8ed1ab_0
  - executing=2.2.1=pyhd8ed1ab_0
  - fake-useragent=2.2.0=py311h267d04e_1
  - filelock=3.24.3=pyhd8ed1ab_0
  - findlibs=0.1.2=pyhd8ed1ab_0
  - fiona=1.10.1=py311he5dae1e_6
  - folium=0.20.0=pyhd8ed1ab_0
  - font-ttf-dejavu-sans-mono=2.37=hab24e00_0
  - font-ttf-inconsolata=3.000=h77eed37_0
  - font-ttf-source-code-pro=2.038=h77eed37_0
  - font-ttf-ubuntu=0.83=h77eed37_3
  - fontconfig=2.17.1=h2b252f5_0
  - fonts-conda-ecosystem=1=0
  - fonts-conda-forge=1=hc364b38_1
  - fonttools=4.61.1=py311ha9b3269_0
  - fqdn=1.5.1=pyhd8ed1ab_1
  - freetype=2.14.1=hce30654_0
  - freexl=2.0.0=h3ab3353_2
  - fribidi=1.0.16=hc919400_0
  - frozenlist=1.7.0=py311h8740443_0
  - fsspec=2026.2.0=pyhd8ed1ab_0
  - future=1.0.0=pyhd8ed1ab_2
  - gdk-pixbuf=2.44.5=h4e57454_1
  - geographiclib=2.1=pyhd8ed1ab_0
  - geopandas=1.1.2=pyhd8ed1ab_0
  - geopandas-base=1.1.2=pyha770c72_0
  - geopy=2.4.1=pyhd8ed1ab_2
  - geos=3.14.1=h5afe852_0
  - geoviews=1.15.1=pyhd8ed1ab_0
  - geoviews-core=1.15.1=pyha770c72_0
  - gflags=2.2.2=hf9b8971_1005
  - giflib=5.2.2=h93a5062_0
  - gitdb=4.0.12=pyhd8ed1ab_0
  - gitpython=3.1.46=pyhd8ed1ab_0
  - glib-tools=2.86.4=h60c1bae_1
  - glog=0.7.1=heb240a5_0
  - glpk=5.0=h6d7a090_0
  - gmp=6.3.0=h7bae524_2
  - google-api-core=2.30.0=pyhcf101f3_0
  - google-auth=2.48.0=pyhcf101f3_0
  - google-cloud-core=2.5.0=pyhcf101f3_1
  - google-cloud-storage=3.9.0=pyhcf101f3_0
  - google-crc32c=1.8.0=py311hf1b1034_1
  - google-resumable-media=2.8.0=pyhd8ed1ab_0
  - googleapis-common-protos=1.72.0=pyhd8ed1ab_0
  - graphite2=1.3.14=hec049ff_2
  - graphviz=14.1.2=hec8c438_0
  - grpcio=1.78.0=py311h8fd116a_1
  - grpcio-status=1.78.0=pyhd8ed1ab_0
  - gtk3=3.24.43=hc0f3e19_7
  - gts=0.7.6=he42f4ea_4
  - gurobi=13.0.1=py311_0
  - h11=0.16.0=pyhcf101f3_1
  - h2=4.3.0=pyhcf101f3_0
  - h5netcdf=1.8.1=pyhd8ed1ab_0
  - h5py=3.15.1=nompi_py311hd5a25a3_101
  - harfbuzz=12.3.2=h3103d1b_0
  - hdf4=4.2.15=h2ee6834_7
  - hdf5=1.14.6=nompi_had3affe_106
  - hicolor-icon-theme=0.17=hce30654_3
  - highspy=1.13.1=np2py311hb7ce6e1_0
  - holoviews=1.22.1=pyhd8ed1ab_0
  - hpack=4.1.0=pyhd8ed1ab_0
  - httpcore=1.0.9=pyh29332c3_0
  - httpx=0.28.1=pyhd8ed1ab_0
  - humanfriendly=10.0=pyh707e725_8
  - hvplot=0.12.2=pyhd8ed1ab_0
  - hyperframe=6.1.0=pyhd8ed1ab_0
  - icu=78.2=hef89b57_0
  - identify=2.6.16=pyhd8ed1ab_0
  - idna=3.11=pyhd8ed1ab_0
  - importlib-metadata=8.7.0=pyhe01879c_1
  - importlib_metadata=8.7.0=h40b2b14_1
  - inflate64=1.0.4=py311h9408147_0
  - iniconfig=2.3.0=pyhd8ed1ab_0
  - ipopt=3.14.19=h9191b9b_2
  - ipykernel=7.2.0=pyh5552912_1
  - ipython=9.10.0=pyh53cf698_0
  - ipython_pygments_lexers=1.1.1=pyhd8ed1ab_0
  - isoduration=20.11.0=pyhd8ed1ab_1
  - jasper=4.2.8=hc0e5025_0
  - jedi=0.19.2=pyhd8ed1ab_1
  - jinja2=3.1.6=pyhcf101f3_1
  - joblib=1.5.3=pyhd8ed1ab_0
  - json-c=0.18=he4178ee_0
  - json5=0.13.0=pyhd8ed1ab_0
  - jsonpointer=3.0.0=pyhcf101f3_3
  - jsonschema=4.26.0=pyhcf101f3_0
  - jsonschema-specifications=2025.9.1=pyhcf101f3_0
  - jsonschema-with-format-nongpl=4.26.0=hcf101f3_0
  - jupyter-lsp=2.3.0=pyhcf101f3_0
  - jupyter_client=8.8.0=pyhcf101f3_0
  - jupyter_core=5.9.1=pyhc90fa1f_0
  - jupyter_events=0.12.0=pyhe01879c_0
  - jupyter_server=2.17.0=pyhcf101f3_0
  - jupyter_server_terminals=0.5.4=pyhcf101f3_0
  - jupyterlab=4.5.5=pyhd8ed1ab_0
  - jupyterlab_pygments=0.3.0=pyhd8ed1ab_2
  - jupyterlab_server=2.28.0=pyhcf101f3_0
  - kiwisolver=1.4.9=py311h26d6576_2
  - krb5=1.22.2=h385eeb1_0
  - lark=1.3.1=pyhd8ed1ab_0
  - lcms2=2.18=hdfa7624_0
  - lerc=4.0.0=hd64df32_1
  - libabseil=20260107.1=cxx17_h2062a1b_0
  - libaec=1.1.5=h8664d51_0
  - libarchive=3.8.5=gpl_h6fbacd7_100
  - libarrow=23.0.1=h0e50633_3_cpu
  - libarrow-acero=23.0.1=hbf36091_3_cpu
  - libarrow-compute=23.0.1=h4dbefc3_3_cpu
  - libarrow-dataset=23.0.1=hbf36091_3_cpu
  - libarrow-substrait=23.0.1=h05be00f_3_cpu
  - libblas=3.11.0=5_h51639a9_openblas
  - libbrotlicommon=1.2.0=hc919400_1
  - libbrotlidec=1.2.0=hc919400_1
  - libbrotlienc=1.2.0=hc919400_1
  - libcblas=3.11.0=5_hb0561ab_openblas
  - libcrc32c=1.1.2=hbdafb3b_0
  - libcurl=8.18.0=hd5a2499_1
  - libcxx=22.1.0=h55c6f16_1
  - libdeflate=1.25=hc11a715_0
  - libedit=3.1.20250104=pl5321hafb1f1b_0
  - libev=4.33=h93a5062_2
  - libevent=2.1.12=h2757513_1
  - libexpat=2.7.4=hf6b4638_0
  - libffi=3.5.2=hcf2aa1b_0
  - libfreetype=2.14.1=hce30654_0
  - libfreetype6=2.14.1=h6da58f4_0
  - libgcc=15.2.0=hcbb3090_18
  - libgd=2.3.3=h05bcc79_12
  - libgdal-core=3.12.2=h779b996_1
  - libgdal-hdf4=3.12.2=h44e20f9_1
  - libgdal-hdf5=3.12.2=h48d8a21_1
  - libgdal-netcdf=3.12.2=h4eb6350_1
  - libgfortran=15.2.0=h07b0088_18
  - libgfortran5=15.2.0=hdae7583_18
  - libglib=2.86.4=he378b5c_1
  - libgoogle-cloud=2.39.0=h2f60c08_1
  - libgoogle-cloud-storage=2.39.0=ha114238_1
  - libgrpc=1.78.0=h3e3f78d_1
  - libhwloc=2.12.2=default_ha3cc4f2_1000
  - libhwy=1.3.0=h48b13b8_1
  - libiconv=1.18=h23cfdf5_2
  - libintl=0.25.1=h493aca8_0
  - libjpeg-turbo=3.1.2=hc919400_0
  - libjxl=0.11.2=h913acd8_0
  - libkml=1.3.0=hc33e383_1022
  - liblapack=3.11.0=5_hd9741b5_openblas
  - liblapacke=3.11.0=5_h1b118fd_openblas
  - liblzma=5.8.2=h8088a28_0
  - libnetcdf=4.9.3=nompi_h7a8d41e_104
  - libnghttp2=1.67.0=hc438710_0
  - libopenblas=0.3.30=openmp_ha158390_4
  - libopentelemetry-cpp=1.21.0=h08d5cc3_2
  - libopentelemetry-cpp-headers=1.21.0=hce30654_2
  - libparquet=23.0.1=h7a13205_3_cpu
  - libpng=1.6.55=h132b30e_0
  - libprotobuf=6.33.5=h4a5acfd_0
  - libre2-11=2025.11.05=h4c27e2a_1
  - librsvg=2.60.0=h9001022_1
  - librttopo=1.1.0=ha909e78_20
  - libscotch=7.0.11=int64_hc5c7ca1_2
  - libsodium=1.0.18=h27ca646_1
  - libspatialite=5.1.0=gpl_ha239c29_119
  - libsqlite=3.51.2=h1ae2325_0
  - libssh2=1.11.1=h1590b86_0
  - libthrift=0.22.0=h14a376c_1
  - libtiff=4.7.1=h4030677_1
  - libutf8proc=2.11.3=h2431656_0
  - libwebp-base=1.6.0=h07db88b_0
  - libxcb=1.17.0=hdb1d25a_0
  - libxml2=2.15.1=h8d039ee_1
  - libxml2-16=2.15.1=h5ef1a60_1
  - libxml2-devel=2.15.1=h8d039ee_1
  - libxslt=1.1.43=hb2570ba_1
  - libzip=1.11.2=h1336266_0
  - libzlib=1.3.1=h8359307_2
  - linkify-it-py=2.0.3=pyhd8ed1ab_1
  - linopy=0.6.4=pyhcf101f3_1
  - llvm-openmp=22.1.0=hc7d1edf_0
  - llvmlite=0.46.0=py311h27de090_0
  - locket=1.0.0=pyhd8ed1ab_0
  - lxml=6.0.2=py311h7cdd18c_2
  - lz4=4.4.5=py311h3f5a5ee_1
  - lz4-c=1.10.0=h286801f_1
  - lzo=2.10=h925e9cb_1002
  - mapclassify=2.10.0=pyhd8ed1ab_1
  - markdown=3.10.2=pyhcf101f3_0
  - markdown-it-py=4.0.0=pyhd8ed1ab_0
  - markupsafe=3.0.3=py311ha9b3269_0
  - matplotlib=3.10.8=py311ha1ab1f8_0
  - matplotlib-base=3.10.8=py311h29553df_0
  - matplotlib-inline=0.2.1=pyhd8ed1ab_0
  - mdit-py-plugins=0.5.0=pyhd8ed1ab_0
  - mdurl=0.1.2=pyhd8ed1ab_1
  - memory_profiler=0.61.0=pyhcf101f3_1
  - mercantile=1.2.1=pyhd8ed1ab_1
  - metis=5.1.0=h15f6cfe_1007
  - minizip=4.0.10=hff1a8ea_0
  - mistune=3.2.0=pyhcf101f3_0
  - mpfr=4.2.1=hb693164_3
  - msgpack-python=1.1.2=py311h5a5e7c7_1
  - multidict=6.7.1=py311ha275503_0
  - multipledispatch=0.6.0=pyhd8ed1ab_1
  - multiurl=0.3.7=pyhd8ed1ab_0
  - multivolumefile=0.2.3=pyhd8ed1ab_1
  - mumps-include=5.8.2=h2ca763e_2
  - mumps-seq=5.8.2=h49d0c1d_2
  - munkres=1.1.4=pyhd8ed1ab_1
  - muparser=2.3.5=h11e0b38_0
  - narwhals=2.17.0=pyhcf101f3_0
  - nbclient=0.10.4=pyhd8ed1ab_0
  - nbconvert-core=7.17.0=pyhcf101f3_0
  - nbformat=5.10.4=pyhd8ed1ab_1
  - ncurses=6.5=h5e97a16_3
  - nest-asyncio=1.6.0=pyhd8ed1ab_1
  - netcdf4=1.7.4=nompi_py311haec2275_102
  - networkx=3.6.1=pyhcf101f3_0
  - nlohmann_json=3.12.0=h784d473_1
  - nodeenv=1.10.0=pyhd8ed1ab_0
  - notebook-shim=0.2.4=pyhd8ed1ab_1
  - numba=0.63.1=py311had9367a_0
  - numexpr=2.14.1=py311h5890ad2_1
  - numpoly=1.2.14=pyhd8ed1ab_0
  - numpy=1.26.4=py311h7125741_0
  - openjpeg=2.5.4=hbfb3c88_0
  - openpyxl=3.1.5=py311h33e2021_3
  - openssl=3.6.1=hd24854e_1
  - orc=2.2.2=h578b684_1
  - overrides=7.7.0=pyhd8ed1ab_1
  - packaging=26.0=pyhcf101f3_0
  - pandas=3.0.1=py311h4a068b9_0
  - pandocfilters=1.5.0=pyhd8ed1ab_0
  - panel=1.8.7=pyhd8ed1ab_0
  - pango=1.56.4=h875632e_0
  - param=2.3.2=pyhc455866_0
  - parso=0.8.6=pyhcf101f3_0
  - partd=1.4.2=pyhd8ed1ab_0
  - patsy=1.0.2=pyhcf101f3_0
  - pcre2=10.47=h30297fc_0
  - pexpect=4.9.0=pyhd8ed1ab_1
  - pillow=12.1.1=py311hd37aea2_0
  - pip=26.0.1=pyh8b19718_0
  - pixman=0.46.4=h81086ad_1
  - platformdirs=4.9.2=pyhcf101f3_0
  - plotly=6.5.2=pyhd8ed1ab_0
  - pluggy=1.6.0=pyhf9edf01_1
  - ply=3.11=pyhd8ed1ab_3
  - polars=1.38.1=pyh6a1acc5_0
  - polars-runtime-32=1.38.1=py310haaaf75b_0
  - powerplantmatching=0.8.0=pyhd8ed1ab_0
  - pre-commit=4.5.1=pyha770c72_0
  - progressbar2=4.5.0=pyhd8ed1ab_1
  - proj=9.7.1=hfb14a63_3
  - prometheus-cpp=1.3.0=h0967b3e_0
  - prometheus_client=0.24.1=pyhd8ed1ab_0
  - prompt-toolkit=3.0.52=pyha770c72_0
  - propcache=0.3.1=py311h4921393_0
  - proto-plus=1.27.1=pyhd8ed1ab_0
  - protobuf=6.33.5=py311h12b56a6_1
  - psutil=7.2.2=py311he363849_0
  - pthread-stubs=0.4=hd74edd7_1002
  - ptyprocess=0.7.0=pyhd8ed1ab_1
  - pulp=2.7.0=py311h267d04e_1
  - pure_eval=0.2.3=pyhd8ed1ab_1
  - py-cpuinfo=9.0.0=pyhd8ed1ab_1
  - py7zr=1.1.2=pyhd8ed1ab_0
  - pyarrow=23.0.1=py311ha1ab1f8_0
  - pyarrow-core=23.0.1=py311h6915ae7_0_cpu
  - pyasn1=0.6.2=pyhd8ed1ab_0
  - pyasn1-modules=0.4.2=pyhd8ed1ab_0
  - pybcj=1.0.7=py311hc949640_1
  - pycountry=24.6.1=pyhd8ed1ab_0
  - pycparser=2.22=pyh29332c3_1
  - pycryptodomex=3.23.0=py311h3696347_1
  - pyct=0.6.0=pyhd8ed1ab_0
  - pydoe2=1.3.0=pyhd8ed1ab_1
  - pygments=2.19.2=pyhd8ed1ab_0
  - pyobjc-core=12.1=py311hce6e4fa_0
  - pyobjc-framework-cocoa=12.1=py311h9049b8e_0
  - pyogrio=0.12.1=py311h336326a_0
  - pyomo=6.9.5=py311h251fd82_0
  - pyopenssl=25.3.0=pyhd8ed1ab_0
  - pyparsing=3.3.2=pyhcf101f3_0
  - pyppmd=1.3.1=py311h8325047_1
  - pyproj=3.7.2=py311h55f0a08_2
  - pypsa=0.30.3=pyhd8ed1ab_0
  - pyscipopt=6.1.0=np2py311hb7ce6e1_0
  - pyshp=3.0.3=pyhd8ed1ab_0
  - pysocks=1.7.1=pyha55dd90_7
  - pytables=3.11.0=py311h9aa646e_0
  - pytest=9.0.2=pyhcf101f3_0
  - python=3.11.14=h18782d2_3_cpython
  - python-dateutil=2.9.0.post0=pyhe01879c_2
  - python-discovery=1.1.0=pyhcf101f3_0
  - python-eccodes=2.45.0=np2py311h8f52d37_1
  - python-fastjsonschema=2.21.2=pyhe01879c_0
  - python-gil=3.11.14=hd8ed1ab_3
  - python-json-logger=2.0.7=pyhd8ed1ab_0
  - python-tzdata=2025.3=pyhd8ed1ab_0
  - python-utils=3.9.1=pyhff2d567_1
  - python_abi=3.11=8_cp311
  - pytz=2025.2=pyhd8ed1ab_0
  - pyu2f=0.1.5=pyhd8ed1ab_1
  - pyviz_comms=3.0.6=pyhd8ed1ab_0
  - pyyaml=6.0.3=py311hc290fe0_1
  - pyzmq=27.1.0=py311h745ac33_2
  - pyzstd=0.19.1=pyhd8ed1ab_0
  - qhull=2020.2=h420ef59_5
  - rasterio=1.4.4=py311h7e44a42_2
  - re2=2025.11.05=ha480c28_1
  - readline=8.3=h46df422_0
  - referencing=0.37.0=pyhcf101f3_0
  - requests=2.32.5=pyhcf101f3_1
  - reretry=0.11.8=pyhd8ed1ab_1
  - reverse-geocode=1.4.1=pyhd8ed1ab_0
  - rfc3339-validator=0.1.4=pyhd8ed1ab_1
  - rfc3986-validator=0.1.1=pyh9f0ad1d_0
  - rfc3987-syntax=1.1.0=pyhe01879c_1
  - rich=14.3.3=pyhcf101f3_0
  - rioxarray=0.19.0=pyhd8ed1ab_0
  - rpds-py=0.30.0=py311h71babbd_0
  - rsa=4.9.1=pyhd8ed1ab_0
  - ruamel.yaml=0.17.26=py311heffc1b2_0
  - ruamel.yaml.clib=0.2.15=py311he363849_1
  - scikit-learn=1.8.0=np2py311hf1dd2ad_1
  - scip=10.0.1=h1003740_0
  - scipy=1.15.2=py311h0675101_0
  - seaborn=0.13.2=hd8ed1ab_3
  - seaborn-base=0.13.2=pyhd8ed1ab_3
  - send2trash=2.1.0=pyh5552912_1
  - setuptools=81.0.0=pyh332efcf_0
  - shapely=2.1.2=py311hd4fb369_2
  - six=1.17.0=pyhe01879c_1
  - smart_open=7.5.1=pyhcf101f3_0
  - smmap=5.0.2=pyhd8ed1ab_0
  - snakemake-minimal=7.32.4=pyhdfd78af_1
  - snappy=1.2.2=hada39a4_1
  - sniffio=1.3.1=pyhd8ed1ab_2
  - snuggs=1.4.7=pyhd8ed1ab_2
  - sortedcontainers=2.4.0=pyhd8ed1ab_1
  - soupsieve=2.8.3=pyhd8ed1ab_0
  - sqlite=3.51.2=h77b7338_0
  - stack_data=0.6.3=pyhd8ed1ab_1
  - statsmodels=0.14.6=py311h09efe57_0
  - stopit=1.1.2=pyhcf101f3_2
  - tabulate=0.9.0=pyhcf101f3_3
  - tbb=2022.3.0=h4ddebb9_2
  - tblib=3.2.2=pyhcf101f3_0
  - terminado=0.18.1=pyhc90fa1f_1
  - texttable=1.7.0=pyhd8ed1ab_1
  - threadpoolctl=3.6.0=pyhecae5ae_0
  - throttler=1.2.2=pyhd8ed1ab_0
  - tinycss2=1.4.0=pyhd8ed1ab_0
  - tk=8.6.13=h010d191_3
  - tomli=2.4.0=pyhcf101f3_0
  - toolz=1.1.0=pyhd8ed1ab_1
  - toposort=1.10=pyhd8ed1ab_1
  - tornado=6.5.4=py311h9408147_0
  - tqdm=4.67.3=pyh8f84b5b_0
  - traitlets=5.14.3=pyhd8ed1ab_1
  - tsam=3.1.1=pyhd8ed1ab_0
  - typing-extensions=4.15.0=h396c80c_0
  - typing_extensions=4.15.0=pyhcf101f3_0
  - typing_utils=0.1.0=pyhd8ed1ab_1
  - tzdata=2025c=hc9c84f9_1
  - uc-micro-py=1.0.3=pyhd8ed1ab_1
  - ukkonen=1.1.0=py311h572238d_0
  - unicodedata2=17.0.1=py311hc949640_0
  - unidecode=1.4.0=pyhcf101f3_1
  - uri-template=1.3.0=pyhd8ed1ab_1
  - uriparser=0.9.8=h00cdb27_0
  - urllib3=2.6.3=pyhd8ed1ab_0
  - validators=0.35.0=pyhd8ed1ab_0
  - virtualenv=21.0.0=pyhcf101f3_0
  - wcwidth=0.6.0=pyhd8ed1ab_0
  - webcolors=25.10.0=pyhd8ed1ab_0
  - webencodings=0.5.1=pyhd8ed1ab_3
  - websocket-client=1.9.0=pyhd8ed1ab_0
  - wheel=0.46.3=pyhd8ed1ab_0
  - wrapt=2.1.1=py311hc949640_0
  - xarray=2025.1.2=pyhd8ed1ab_0
  - xerces-c=3.3.0=h25f632f_1
  - xlrd=2.0.2=pyhd8ed1ab_0
  - xorg-libxau=1.0.12=hc919400_1
  - xorg-libxdmcp=1.1.5=hc919400_1
  - xyzservices=2025.11.0=pyhd8ed1ab_0
  - yaml=0.2.5=h925e9cb_3
  - yarl=1.22.0=py311ha9b3269_0
  - yte=1.9.4=pyhd8ed1ab_0
  - zeromq=4.3.5=hebf3989_1
  - zict=3.0.0=pyhd8ed1ab_1
  - zipfile-deflate64=0.2.0=py311heffc1b2_4
  - zipp=3.23.0=pyhcf101f3_1
  - zlib=1.3.1=h8359307_2
  - zlib-ng=2.3.3=hed4e4f5_1
  - zstd=1.5.7=hbf9d68e_6
  - pip:
      - currencyconverter == 0.18.15 --hash=sha256:daa23172d1663eb71c383f627a4516cccab4590d94eb75cc49ccbf70a09f0731
      - googledrivedownloader == 1.1.0 --hash=sha256:f4579f16520a995d97c036964b466304c5842f05ffbebeb66c3f539cbb9f3e25
