# SPDX-FileCopyrightText: PyPSA-Earth and PyPSA-Eur Authors
#
# SPDX-License-Identifier: CC0-1.0

# Generated by conda-lock.
# platform: osx-arm64
# input_hash: 0ed9ba61d4f89672e256881efa7679caf6d84c4ea9c7f674989aa47c0e95af65
name: pypsa-earth

channels:
  - conda-forge
  - bioconda
  - gurobi
dependencies:
  - _openmp_mutex=4.5=8_kmp_llvm
  - _python_abi3_support=1.0=hd8ed1ab_3
  - adwaita-icon-theme=49.0=unix_0
  - affine=3.0.1=pyhecae5ae_0
  - ampl-asl=1.0.0=h286801f_2
  - amply=0.1.7=pyhd8ed1ab_0
  - anyio=4.14.2=pyhcf101f3_0
  - appdirs=1.4.4=pyhd8ed1ab_1
  - appnope=1.0.0=pyhcf101f3_0
  - argon2-cffi=25.1.0=pyhd8ed1ab_0
  - argon2-cffi-bindings=26.1.0=py311h9f79745_1
  - argparse-dataclass=2.0.0=pyhd8ed1ab_1
  - arrow=1.4.0=pyhcf101f3_0
  - asttokens=3.0.2=pyhd8ed1ab_0
  - async-lru=2.3.0=pyhcf101f3_0
  - atk-1.0=2.38.0=hd03087b_2
  - atlite=0.4.1=pyhd8ed1ab_1
  - attrs=26.1.0=pyhcf101f3_0
  - aws-c-auth=0.10.4=h0f08c97_1
  - aws-c-cal=0.9.14=hb9ed60c_4
  - aws-c-common=0.14.2=h84a0fba_0
  - aws-c-compression=0.3.2=hf0b4b85_4
  - aws-c-event-stream=0.7.1=ha581b6a_4
  - aws-c-http=0.11.0=h27f0cb5_4
  - aws-c-io=0.27.3=ha24efe8_1
  - aws-c-mqtt=0.16.0=hf1a914d_2
  - aws-c-s3=0.12.8=hdc61527_1
  - aws-c-sdkutils=0.2.7=hf0b4b85_2
  - aws-checksums=0.2.10=hf0b4b85_4
  - aws-crt-cpp=0.40.1=h5b5d287_3
  - aws-sdk-cpp=1.11.833=haa98fb3_9
  - azure-core-cpp=1.16.3=he5ae378_0
  - azure-identity-cpp=1.13.3=h05177fb_2
  - azure-storage-blobs-cpp=12.18.0=h409340b_1
  - azure-storage-common-cpp=12.14.0=h7cba3ab_1
  - azure-storage-files-datalake-cpp=12.16.0=h16bb3af_1
  - babel=2.18.0=pyhcf101f3_1
  - backports.zstd=1.7.0=py311hdee5a0d_0
  - beautifulsoup4=4.15.0=pyha770c72_0
  - bleach=6.4.0=pyhcf101f3_0
  - bleach-with-css=6.4.0=hac0b51c_0
  - blosc=1.21.6=h7dd00d9_1
  - bokeh=3.9.2=pyhd8ed1ab_0
  - bottleneck=1.6.0=np2py311hda5b4d7_3
  - branca=0.8.2=pyhd8ed1ab_0
  - brotli=1.2.0=hf00d406_3
  - brotli-bin=1.2.0=he4a93e4_3
  - brotli-python=1.2.0=py311h9fb86b2_3
  - brotlicffi=1.2.0.2=py311hf1c2fec_0
  - bzip2=1.0.8=h4e30115_10
  - c-ares=1.34.8=h74c22ad_2
  - c-blosc2=3.2.3=hf9886e1_0
  - ca-certificates=2026.7.22=hbd8a1cb_0
  - cached-property=2.0.1=pyhcf101f3_0
  - cached_property=2.0.1=pyhcf101f3_0
  - cairo=1.18.4=h580cee5_3
  - cartopy=0.25.0=np2py311hf9059f8_3
  - cdsapi=0.7.7=pyhd8ed1ab_0
  - certifi=2026.7.22=pyhd8ed1ab_0
  - cffi=2.1.1=py311h2e98d63_2
  - cfgrib=0.9.15.1=pyhd8ed1ab_0
  - cfgv=3.5.0=pyhd8ed1ab_0
  - cftime=1.6.5=py311h48bb571_1
  - chaospy=4.3.20=pyhd8ed1ab_0
  - charset-normalizer=3.5.1=pyhd8ed1ab_0
  - click=8.4.2=pyhc90fa1f_0
  - click-plugins=1.1.1.2=pyhd8ed1ab_0
  - cligj=0.7.2=pyhd8ed1ab_2
  - cloudpickle=3.1.2=pyhcf101f3_1
  - coin-or-cbc=2.10.13=h2032c40_1
  - coin-or-cgl=0.60.10=h034796e_1
  - coin-or-clp=1.17.11=he934a02_1
  - coin-or-osi=0.108.12=h8aa3827_1
  - coin-or-utils=2.11.13=h6bed822_1
  - coincbc=2.10.13=1_metapackage
  - colorama=0.4.6=pyhd8ed1ab_1
  - colorcet=3.2.1=pyhd8ed1ab_0
  - comm=0.2.3=pyhe01879c_0
  - configargparse=1.7.5=pyhcf101f3_0
  - connection_pool=0.0.3=pyhd3deb0d_0
  - contextily=1.7.1=pyhd8ed1ab_0
  - contourpy=1.3.3=py311h7d85929_4
  - country_converter=1.3.2=pyhd8ed1ab_0
  - cpython=3.11.16=py311hd8ed1ab_0
  - cycler=0.12.1=pyhcf101f3_2
  - cytoolz=1.1.0=py311hc949640_2
  - dask=2026.8.0=pyhc364b38_0
  - dask-core=2026.8.0=pyhc364b38_0
  - datashader=0.19.1=pyhd8ed1ab_0
  - datrie=0.8.3=py311h3696347_0
  - debugpy=1.8.21=py311h8948835_0
  - defusedxml=0.7.1=pyhd8ed1ab_0
  - deprecation=2.1.0=pyh9f0ad1d_0
  - distlib=0.4.3=pyhcf101f3_0
  - distributed=2026.8.0=pyhc364b38_0
  - docutils=0.23=pyhcf101f3_0
  - dpath=2.2.0=pyha770c72_1
  - earth-osm=3.0.2=pyhd8ed1ab_0
  - eccodes=2.47.0=hceee41f_0
  - ecmwf-datastores-client=0.5.3=pyhd8ed1ab_0
  - entsoe-py=0.8.0=pyhd8ed1ab_0
  - epoxy=1.5.10=hc919400_2
  - et_xmlfile=2.0.0=pyhd8ed1ab_1
  - exceptiongroup=1.3.1=pyhd8ed1ab_0
  - executing=2.2.1=pyhd8ed1ab_0
  - fake-useragent=2.2.0=py311h267d04e_1
  - filelock=3.32.5=pyhd8ed1ab_0
  - findlibs=0.1.3=pyhd8ed1ab_0
  - fiona=1.10.1=py311he5dae1e_6
  - folium=0.20.0=pyhd8ed1ab_0
  - font-ttf-dejavu-sans-mono=2.37=hab24e00_0
  - font-ttf-inconsolata=3.000=h77eed37_0
  - font-ttf-source-code-pro=2.038=h77eed37_0
  - font-ttf-ubuntu=0.83=h77eed37_3
  - fontconfig=2.18.3=h81aa574_1
  - fonts-conda-ecosystem=1=0
  - fonts-conda-forge=1=hc364b38_1
  - fonttools=4.63.0=py311hc290fe0_0
  - formulaic=1.2.2=pyhd8ed1ab_0
  - fqdn=1.5.1=pyhd8ed1ab_1
  - freetype=2.14.3=hce30654_2
  - freexl=2.0.0=h47dffff_3
  - fribidi=1.0.16=h84a0fba_1
  - fsspec=2026.7.0=pyhd8ed1ab_0
  - future=1.0.0=pyhd8ed1ab_2
  - gdk-pixbuf=2.44.8=h5867e2c_1
  - geographiclib=2.1=pyhd8ed1ab_0
  - geopandas=1.1.4=pyhd8ed1ab_0
  - geopandas-base=1.1.4=pyha770c72_0
  - geopy=2.5.0=pyhd8ed1ab_0
  - geos=3.14.1=ha834cd8_0
  - geoviews=1.15.1=pyhd8ed1ab_0
  - geoviews-core=1.15.1=pyha770c72_0
  - gflags=2.3.1=h784d473_0
  - giflib=5.2.2=hd20048c_1
  - gitdb=4.0.12=pyhd8ed1ab_0
  - gitpython=3.1.61=pyhcf101f3_0
  - glib-tools=2.88.3=h026c20a_2
  - glog=0.7.1=h6f9ecc1_1
  - glpk=5.0=h6d7a090_0
  - gmp=6.3.0=hf5e55b1_3
  - graphite2=1.3.15=h784d473_1
  - graphviz=14.1.2=hec8c438_0
  - gtk3=3.24.52=hc0f3e19_0
  - gts=0.7.6=he42f4ea_4
  - gurobi=13.0.3=py311_0
  - h11=0.16.0=pyhcf101f3_1
  - h2=4.4.1=pyhcf101f3_0
  - h5netcdf=1.8.1=pyhd8ed1ab_0
  - h5py=3.16.0=nompi_py311hf10ccac_102
  - harfbuzz=14.4.0=hce30654_0
  - hdf4=4.2.15=h2ee6834_7
  - hdf5=2.1.0=nompi_hebe1841_110
  - hicolor-icon-theme=0.17=hce30654_3
  - highspy=1.15.1=np2py311hb7ce6e1_0
  - holoviews=1.23.2=pyhd8ed1ab_0
  - hpack=4.2.0=pyhd8ed1ab_0
  - httpcore=1.0.9=pyh29332c3_0
  - httpx=0.28.1=pyhd8ed1ab_0
  - humanfriendly=10.0=pyh707e725_8
  - hvplot=0.12.2=pyhd8ed1ab_0
  - hyperframe=6.1.0=pyhd8ed1ab_0
  - icu=78.3=py310h579977c_2
  - identify=2.6.19=pyhd8ed1ab_0
  - idna=3.19=pyhcf101f3_0
  - importlib-metadata=9.0.1=pyhcf101f3_0
  - importlib_metadata=9.0.1=ha21a7b4_0
  - inflate64=1.0.4=py311hc949640_2
  - iniconfig=2.3.0=pyhd8ed1ab_0
  - interface_meta=1.3.0=pyhd8ed1ab_1
  - ipopt=3.14.19=h9191b9b_2
  - ipykernel=7.3.0=pyh01cf8df_0
  - ipython=9.17.1=pyh53cf698_0
  - ipython_pygments_lexers=1.1.1=pyhd8ed1ab_0
  - isoduration=20.11.0=pyhd8ed1ab_1
  - jasper=4.2.9=h7543a42_1
  - jedi=0.20.0=pyhcf101f3_0
  - jinja2=3.1.6=pyhcf101f3_1
  - joblib=1.6.0=pyhcf101f3_0
  - json-c=0.18=he4178ee_0
  - json5=0.15.0=pyhd8ed1ab_0
  - jsonpointer=3.1.1=pyhcf101f3_0
  - jsonschema=4.26.0=pyhcf101f3_1
  - jsonschema-specifications=2025.9.1=pyhcf101f3_0
  - jsonschema-with-format-nongpl=4.26.0=hcf101f3_1
  - jupyter-builder=1.2.2=pyhcf101f3_0
  - jupyter-lsp=2.3.1=pyhcf101f3_0
  - jupyter_client=8.10.0=pyhcf101f3_0
  - jupyter_core=5.9.1=pyhc90fa1f_0
  - jupyter_events=0.12.1=pyhcf101f3_0
  - jupyter_server=2.21.0=pyhcf101f3_0
  - jupyter_server_terminals=0.5.4=pyhcf101f3_0
  - jupyterlab=4.6.3=pyhd8ed1ab_0
  - jupyterlab_pygments=0.3.0=pyhd8ed1ab_2
  - jupyterlab_server=2.28.0=pyhcf101f3_0
  - kiwisolver=1.5.1=py311h96e19ba_0
  - krb5=1.22.2=h34f8a20_2
  - lark=1.3.1=pyhd8ed1ab_0
  - lcms2=2.19.1=hce41798_2
  - lerc=4.2.0=h1eee2c3_0
  - libabseil=20260107.1=cxx17_h2062a1b_0
  - libaec=1.1.5=h8664d51_0
  - libarchive=3.8.9=gpl_h76147b0_101
  - libarrow=24.0.0=h30967a1_9_cpu
  - libarrow-acero=24.0.0=ha4f4840_9_cpu
  - libarrow-compute=24.0.0=h8d10c55_9_cpu
  - libarrow-dataset=24.0.0=ha4f4840_9_cpu
  - libarrow-substrait=24.0.0=h05be00f_9_cpu
  - libblas=3.11.0=10_h51639a9_openblas
  - libboost=1.90.0=h30c325d_2
  - libbrotlicommon=1.2.0=h1dcdb26_3
  - libbrotlidec=1.2.0=h5295a6a_3
  - libbrotlienc=1.2.0=h2ddc9cb_3
  - libcblas=3.11.0=10_hb0561ab_openblas
  - libcrc32c=1.1.2=hbdafb3b_0
  - libcurl=8.21.0=h6651222_5
  - libcxx=23.1.0=h55c6f16_0
  - libdeflate=1.25=he7e0567_1
  - libedit=3.1.20250104=pl5321h26f1114_1
  - libev=4.33=h1a92334_3
  - libevent=2.1.12=h2757513_1
  - libexpat=2.8.1=hf6b4638_1
  - libffi=3.7.0=h47dc5ef_1
  - libfreetype=2.14.3=hce30654_2
  - libfreetype6=2.14.3=h2ed5691_2
  - libgcc=16.2.0=h3cf6597_4
  - libgd=2.3.3=h05bcc79_12
  - libgdal-core=3.12.3=haccf57a_3
  - libgdal-hdf4=3.12.3=h44e20f9_3
  - libgdal-hdf5=3.12.3=hd534ca0_3
  - libgdal-netcdf=3.12.3=h73a5ae7_3
  - libgfortran=16.2.0=h07b0088_4
  - libgfortran5=16.2.0=hdb7a957_4
  - libglib=2.88.3=h89cd0c0_2
  - libgoogle-cloud=3.6.0=h688a705_0
  - libgoogle-cloud-storage=3.6.0=ha114238_0
  - libgrpc=1.78.1=h3e3f78d_0
  - libharfbuzz=14.4.0=hcda0f7c_0
  - libharfbuzz-devel=14.4.0=hcda0f7c_0
  - libhwloc=2.13.0=default_ha97f43a_1000
  - libhwy=1.4.0=hd2bdd19_1
  - libiconv=1.18=he4c29f2_3
  - libintl=0.25.1=h493aca8_0
  - libjpeg-turbo=3.2.0=h84a0fba_1
  - libjxl=0.11.2=h934fa54_1
  - libkml=1.3.0=hb833057_1023
  - liblapack=3.11.0=10_hd9741b5_openblas
  - liblapacke=3.11.0=10_h1b118fd_openblas
  - liblzma=5.8.3=h8088a28_1
  - libnetcdf=4.10.0=nompi_ha00b61a_205
  - libnghttp2=1.68.1=h435687b_1
  - libopenblas=0.3.34=openmp_h4f80526_1
  - libopentelemetry-cpp=1.27.0=h08d5cc3_0
  - libopentelemetry-cpp-headers=1.27.0=hce30654_0
  - libparquet=24.0.0=h840b369_9_cpu
  - libpng=1.6.58=hf5e6511_1
  - libprotobuf=6.33.5=hb82ec63_2
  - libpsl=0.23.1=hdb0c161_1
  - libraqm=0.11.0=h45af499_0
  - libre2-11=2025.11.05=h4c27e2a_1
  - librsvg=2.62.3=he8aa2a2_0
  - librttopo=1.1.0=ha909e78_20
  - libscotch=7.0.11=int64_hc5c7ca1_3
  - libsodium=1.0.22=h74c22ad_2
  - libspatialite=5.1.0=gpl_ha239c29_119
  - libsqlite=3.53.4=hca69786_1
  - libssh2=1.11.1=hbf2880b_1
  - libthrift=0.22.0=h1fb9c8a_2
  - libtiff=4.7.2=hf67920b_1
  - libutf8proc=2.11.3=h2431656_0
  - libwebp-base=1.6.0=h202fb40_1
  - libxcb=1.17.0=hbffa61f_2
  - libxml2=2.15.3=h5654f7c_1
  - libxml2-16=2.15.3=h5ef1a60_1
  - libxml2-devel=2.15.3=h5654f7c_1
  - libxslt=1.1.43=hb2570ba_1
  - libzip=1.11.2=h1336266_0
  - libzlib=1.3.2=h8088a28_3
  - linkify-it-py=2.2.0=pyhcf101f3_0
  - linopy=0.9.1=pyhc364b38_0
  - llvm-openmp=23.1.0=hdb3d66b_0
  - llvmlite=0.49.0=py311h4a78e08_2
  - locket=1.0.0=pyhd8ed1ab_0
  - lxml=6.1.2=py311hb1596ee_0
  - lz4=4.4.5=py311h3f5a5ee_1
  - lz4-c=1.10.0=hdca3b7d_2
  - lzo=2.10=h74c22ad_1003
  - mapclassify=2.10.0=pyhd8ed1ab_1
  - markdown=3.10.3=pyhcf101f3_0
  - markdown-it-py=4.2.0=pyhd8ed1ab_0
  - markupsafe=3.0.3=py311hc290fe0_1
  - matplotlib=3.11.1=py311ha01d089_2
  - matplotlib-base=3.11.1=py311h3c3ad35_2
  - matplotlib-inline=0.2.2=pyhd8ed1ab_0
  - mdit-py-plugins=0.6.1=pyhd8ed1ab_0
  - mdurl=0.1.2=pyhd8ed1ab_1
  - memory_profiler=0.61.0=pyhcf101f3_1
  - mercantile=1.2.1=pyhd8ed1ab_1
  - metis=5.1.0=h15f6cfe_1007
  - minizip=4.2.2=h56c1371_1
  - mistune=3.3.4=pyhcf101f3_0
  - mpfr=4.2.2=h72846b0_1
  - msgpack-python=1.2.2=py311h2f25576_1
  - multipledispatch=0.6.0=pyhd8ed1ab_1
  - multiurl=0.3.9=pyhd8ed1ab_0
  - multivolumefile=0.2.3=pyhd8ed1ab_1
  - mumps-include=5.8.2=h2ca763e_2
  - mumps-seq=5.8.2=h49d0c1d_2
  - munkres=1.1.4=pyhd8ed1ab_1
  - muparser=2.3.5=h5af64e8_1
  - narwhals=2.25.0=pyhcf101f3_0
  - nbclient=0.11.0=pyhcf101f3_1
  - nbconvert-core=7.17.1=pyhcf101f3_0
  - nbformat=5.11.1=pyhcf101f3_0
  - ncurses=6.6=he64c551_1
  - nest-asyncio2=1.7.2=pyhcf101f3_0
  - netcdf4=1.7.4=nompi_py311hfd37af6_108
  - networkx=3.6.1=pyhcf101f3_0
  - nh3=0.3.7=py310h3639a8a_0
  - nlohmann_json=3.12.0=h784d473_2
  - nodeenv=1.10.0=pyhd8ed1ab_0
  - notebook-shim=0.2.4=pyhd8ed1ab_1
  - numba=0.67.0=py311hf682900_1
  - numexpr=2.14.2=py311hb5a5f52_0
  - numpoly=1.2.14=pyhd8ed1ab_0
  - numpy=1.26.4=py311h7125741_0
  - openjpeg=2.5.4=hd651e26_1
  - openpyxl=3.1.5=py311h33e2021_3
  - openssl=3.6.4=h55eecbc_0
  - orc=2.3.0=hd11884d_0
  - overrides=7.7.0=pyhd8ed1ab_1
  - packaging=26.3=pyhc364b38_0
  - pandas=2.3.3=py311hdb8e4fa_2
  - pandocfilters=1.5.0=pyhd8ed1ab_0
  - panel=1.9.4=pyhd8ed1ab_0
  - panel-core=1.9.4=pyha770c72_0
  - panel-material-ui=0.14.1=pyhd8ed1ab_0
  - pango=1.58.2=hf80efc4_0
  - param=2.4.1=pyhc455866_0
  - parso=0.8.7=pyhcf101f3_0
  - partd=1.4.2=pyhd8ed1ab_0
  - patsy=1.0.3=pyhcf101f3_0
  - pcre2=10.47=he63d830_1
  - pexpect=4.9.0=pyhd8ed1ab_1
  - pillow=12.3.0=py311h5184979_1
  - pip=26.2.1=pyh8b19718_0
  - pixman=0.46.4=h784d473_3
  - platformdirs=4.11.5=pyhcf101f3_0
  - pluggy=1.6.0=pyhf9edf01_1
  - polars=1.44.1=pyh8da0edf_0
  - polars-runtime-32=1.44.1=py310h9b16bf9_0
  - powerplantmatching=0.8.1=pyhd8ed1ab_0
  - pre-commit=4.6.2=pyha770c72_0
  - progressbar2=4.6.0=pyhd8ed1ab_0
  - proj=9.7.1=hfb14a63_3
  - prometheus-cpp=1.3.0=h0967b3e_0
  - prometheus_client=0.26.0=pyhd8ed1ab_0
  - prompt-toolkit=3.0.53=pyha770c72_0
  - protobuf=6.33.5=py311h12b56a6_2
  - psutil=7.2.2=py311hd322c8c_2
  - pthread-stubs=0.4=h84a0fba_1003
  - ptyprocess=0.7.0=pyhd8ed1ab_1
  - pulp=2.7.0=py311h267d04e_1
  - pure_eval=0.2.3=pyhd8ed1ab_1
  - py-cpuinfo=9.0.0=pyhd8ed1ab_1
  - py7zr=1.1.3=pyhd8ed1ab_1
  - pyarrow=24.0.0=py311ha1ab1f8_0
  - pyarrow-core=24.0.0=py311h6915ae7_0_cpu
  - pybcj=1.0.8=py311hc949640_0
  - pycountry=24.6.1=pyhd8ed1ab_0
  - pycparser=3.0=pyhcf101f3_0
  - pycryptodomex=3.23.0=py311h3696347_1
  - pyct=0.6.0=pyhd8ed1ab_0
  - pydoe2=1.3.0=pyhd8ed1ab_1
  - pygments=2.21.0=pyhcf101f3_0
  - pyobjc-core=11.0=py311hab620ed_0
  - pyobjc-framework-cocoa=11.0=py311hab620ed_0
  - pyogrio=0.12.1=py311h336326a_0
  - pyomo=6.10.1=py311h8325047_1
  - pyparsing=3.3.2=pyhcf101f3_0
  - pyppmd=1.3.1=py311h8325047_1
  - pyproj=3.7.2=py311h4b4e1f8_3
  - pypsa=0.30.3=pyhd8ed1ab_0
  - pyscipopt=6.2.1=np2py311h5c2f83b_1
  - pyshp=3.1.6=pyhcf101f3_0
  - pysocks=1.7.1=pyha55dd90_7
  - pytables=3.11.1=py311hff83a3a_5
  - pytest=9.1.1=pyhc364b38_2
  - python=3.11.16=hd1323d7_0_cpython
  - python-dateutil=2.9.0.post0=pyhe01879c_2
  - python-discovery=1.6.0=pyhcf101f3_0
  - python-eccodes=2.47.0=np2py311h8f52d37_0
  - python-fastjsonschema=2.22.2=pyhcf101f3_0
  - python-gil=3.11.16=hd8ed1ab_0
  - python-json-logger=4.2.0=pyhd8ed1ab_0
  - python-tzdata=2026.3=pyhd8ed1ab_0
  - python-utils=4.0.1=pyh332efcf_0
  - python_abi=3.11=8_cp311
  - pytz=2026.3.post1=pyhcf101f3_0
  - pyviz_comms=3.0.6=pyhd8ed1ab_0
  - pyyaml=6.0.3=py311hc290fe0_1
  - pyzmq=27.2.0=py311h69afa4f_0
  - pyzstd=0.19.1=pyhd8ed1ab_0
  - qhull=2020.2=h420ef59_5
  - rasterio=1.4.4=py311h7e44a42_2
  - re2=2025.11.05=ha480c28_1
  - readline=8.3=h8b90a29_1
  - referencing=0.37.0=pyhcf101f3_0
  - requests=2.34.2=pyhcf101f3_0
  - reretry=0.11.8=pyhd8ed1ab_1
  - reverse-geocode=1.4.1=pyhd8ed1ab_0
  - rfc3339-validator=0.1.4=pyhd8ed1ab_1
  - rfc3986-validator=0.1.1=pyh9f0ad1d_0
  - rfc3987-syntax=1.1.0=pyhe01879c_1
  - rich=15.0.0=pyhcf101f3_0
  - rioxarray=0.19.0=pyhd8ed1ab_0
  - rpds-py=2026.6.3=py311hcfb3d13_1
  - ruamel.yaml=0.17.26=py311heffc1b2_0
  - ruamel.yaml.clib=0.2.15=py311hd322c8c_3
  - s2n=1.7.5=h1b28cb6_1
  - scikit-learn=1.9.0=np2py311hf1dd2ad_0
  - scip=10.0.3=h5461d79_0
  - scipy=1.15.2=py311h0675101_0
  - seaborn=0.13.2=hd8ed1ab_3
  - seaborn-base=0.13.2=pyhd8ed1ab_3
  - send2trash=2.1.0=pyh5552912_1
  - setuptools=81.0.0=pyh332efcf_0
  - shapely=2.1.2=py311hd4fb369_2
  - six=1.17.0=pyhe01879c_1
  - smart_open=8.0.1=pyhcf101f3_0
  - smmap=5.0.3=pyhcf101f3_1
  - snakemake-minimal=7.32.4=pyhdfd78af_1
  - snappy=1.2.2=hada39a4_1
  - sniffio=1.3.1=pyhd8ed1ab_2
  - snuggs=1.4.7=pyhd8ed1ab_2
  - sortedcontainers=2.4.0=pyhd8ed1ab_1
  - soupsieve=2.9.2=pyhd8ed1ab_0
  - sqlite=3.53.4=ha9f7ffe_1
  - stack_data=0.6.3=pyhd8ed1ab_1
  - statsmodels=0.15.0=np2py311he0160cf_1
  - stopit=1.1.2=pyhcf101f3_2
  - tabulate=0.10.0=pyhcf101f3_0
  - tbb=2023.0.0=he0260a5_2
  - tblib=3.2.2=pyhcf101f3_0
  - terminado=0.18.1=pyhc90fa1f_1
  - texttable=1.7.0=pyhd8ed1ab_1
  - threadpoolctl=3.6.0=pyhecae5ae_0
  - throttler=1.2.2=pyhd8ed1ab_0
  - tinycss2=1.4.0=pyhd8ed1ab_0
  - tk=8.6.13=hbeba79b_4
  - toml=0.10.2=pyhcf101f3_3
  - tomli=2.4.1=pyhcf101f3_0
  - toolz=1.1.0=pyhd8ed1ab_1
  - toposort=1.10=pyhd8ed1ab_1
  - tornado=6.5.8=py311hc949640_0
  - tqdm=4.70.0=pyh8f84b5b_0
  - traitlets=5.16.1=pyhcf101f3_0
  - tsam=2.3.9=pyhd8ed1ab_0
  - typing-extensions=4.16.0=h69aa097_0
  - typing_extensions=4.16.0=pyhcf101f3_0
  - typing_utils=0.1.0=pyhd8ed1ab_1
  - tzdata=2026c=h151e31d_0
  - uc-micro-py=2.0.0=pyhcf101f3_0
  - ukkonen=1.1.0=py311h572238d_0
  - unicodedata2=17.0.1=py311hc949640_0
  - unidecode=1.4.0=pyhcf101f3_1
  - uri-template=1.3.0=pyhd8ed1ab_1
  - uriparser=0.9.8=h00cdb27_0
  - urllib3=2.7.0=pyhd8ed1ab_0
  - validators=0.35.0=pyhd8ed1ab_0
  - virtualenv=21.7.7=pyhcf101f3_0
  - wcwidth=0.8.3=pyhcf101f3_0
  - webcolors=25.10.0=pyhd8ed1ab_0
  - webencodings=0.5.1=pyhd8ed1ab_3
  - websocket-client=1.9.2=pyhd8ed1ab_0
  - wheel=0.48.0=pyhd8ed1ab_0
  - wrapt=2.4.0=py311hd322c8c_0
  - xarray=2025.1.2=pyhd8ed1ab_0
  - xerces-c=3.3.0=h38da0c5_2
  - xlrd=2.0.2=pyhd8ed1ab_0
  - xorg-libxau=1.0.12=h84a0fba_2
  - xorg-libxdmcp=1.1.5=h84a0fba_2
  - xyzservices=2026.3.0=pyhd8ed1ab_0
  - yaml=0.2.5=h74c22ad_3
  - yte=1.9.4=pyhd8ed1ab_0
  - zeromq=4.3.5=h10816f8_11
  - zict=3.0.0=pyhd8ed1ab_1
  - zipp=4.1.0=pyhcf101f3_0
  - zlib=1.3.2=h8088a28_3
  - zlib-ng=2.3.3=h31dac16_1
  - zstd=1.5.7=hf451053_7
  - pip:
      - currencyconverter == 0.18.21 --hash=sha256:5e8d8d4f2973f5b8de3dad24c121977e08786a5e7558574c980e08d6d3f06918
      - googledrivedownloader == 1.1.0 --hash=sha256:f4579f16520a995d97c036964b466304c5842f05ffbebeb66c3f539cbb9f3e25
